{
    "version": 3,
    "terraform_version": "0.11.11",
    "serial": 20,
    "lineage": "d7ee8f8a-3e6e-836d-3132-6f2ba3a0ce5a",
    "modules": [
        {
            "path": [
                "root"
            ],
            "outputs": {
                "kubernetes_api_dns_name": {
                    "sensitive": false,
                    "type": "string",
                    "value": "kubernetes-1992796151.us-east-1.elb.amazonaws.com"
                },
                "kubernetes_workers_public_ip": {
                    "sensitive": false,
                    "type": "string",
                    "value": "3.85.50.113,3.82.210.64,3.84.103.89"
                }
            },
            "resources": {
                "aws_elb.kubernetes_api": {
                    "type": "aws_elb",
                    "depends_on": [
                        "aws_instance.controller.*",
                        "aws_security_group.kubernetes_api",
                        "aws_subnet.kubernetes"
                    ],
                    "primary": {
                        "id": "kubernetes",
                        "attributes": {
                            "access_logs.#": "0",
                            "arn": "arn:aws:elasticloadbalancing:us-east-1:638221891210:loadbalancer/kubernetes",
                            "availability_zones.#": "1",
                            "availability_zones.986537655": "us-east-1c",
                            "connection_draining": "false",
                            "connection_draining_timeout": "300",
                            "cross_zone_load_balancing": "false",
                            "dns_name": "kubernetes-1992796151.us-east-1.elb.amazonaws.com",
                            "health_check.#": "1",
                            "health_check.0.healthy_threshold": "2",
                            "health_check.0.interval": "30",
                            "health_check.0.target": "HTTP:8080/healthz",
                            "health_check.0.timeout": "15",
                            "health_check.0.unhealthy_threshold": "2",
                            "id": "kubernetes",
                            "idle_timeout": "60",
                            "instances.#": "3",
                            "instances.2393759879": "i-0a31884a70ca778b5",
                            "instances.2627138004": "i-0d5c3dbf742df7717",
                            "instances.3527927166": "i-0442911af2d44e060",
                            "internal": "false",
                            "listener.#": "1",
                            "listener.3838681924.instance_port": "6443",
                            "listener.3838681924.instance_protocol": "tcp",
                            "listener.3838681924.lb_port": "6443",
                            "listener.3838681924.lb_protocol": "tcp",
                            "listener.3838681924.ssl_certificate_id": "",
                            "name": "kubernetes",
                            "security_groups.#": "1",
                            "security_groups.95031265": "sg-04346d292e688e41e",
                            "source_security_group": "638221891210/kubernetes-api",
                            "source_security_group_id": "sg-04346d292e688e41e",
                            "subnets.#": "1",
                            "subnets.583146012": "subnet-06a1d253211cc9ebe",
                            "tags.%": "2",
                            "tags.Name": "kubernetes",
                            "tags.Owner": "Kubernetes",
                            "zone_id": "Z35SXDOTRQ7X7K"
                        },
                        "meta": {},
                        "tainted": false
                    },
                    "deposed": [],
                    "provider": "provider.aws"
                },
                "aws_iam_instance_profile.kubernetes": {
                    "type": "aws_iam_instance_profile",
                    "depends_on": [
                        "aws_iam_role.kubernetes"
                    ],
                    "primary": {
                        "id": "kubernetes",
                        "attributes": {
                            "arn": "arn:aws:iam::638221891210:instance-profile/kubernetes",
                            "create_date": "2018-12-20T17:22:19Z",
                            "id": "kubernetes",
                            "name": "kubernetes",
                            "path": "/",
                            "roles.#": "1",
                            "roles.3583494352": "kubernetes",
                            "unique_id": "AIPAJYFQ653SRFD24XCAE"
                        },
                        "meta": {},
                        "tainted": false
                    },
                    "deposed": [],
                    "provider": "provider.aws"
                },
                "aws_iam_role.kubernetes": {
                    "type": "aws_iam_role",
                    "depends_on": [],
                    "primary": {
                        "id": "kubernetes",
                        "attributes": {
                            "arn": "arn:aws:iam::638221891210:role/kubernetes",
                            "assume_role_policy": "{\"Version\":\"2012-10-17\",\"Statement\":[{\"Effect\":\"Allow\",\"Principal\":{\"Service\":\"ec2.amazonaws.com\"},\"Action\":\"sts:AssumeRole\"}]}",
                            "create_date": "2018-12-20T17:22:18Z",
                            "description": "",
                            "force_detach_policies": "false",
                            "id": "kubernetes",
                            "max_session_duration": "3600",
                            "name": "kubernetes",
                            "path": "/",
                            "tags.%": "0",
                            "unique_id": "AROAJPYUMJLVQWKS7OUZQ"
                        },
                        "meta": {},
                        "tainted": false
                    },
                    "deposed": [],
                    "provider": "provider.aws"
                },
                "aws_iam_role_policy.kubernetes": {
                    "type": "aws_iam_role_policy",
                    "depends_on": [
                        "aws_iam_role.kubernetes"
                    ],
                    "primary": {
                        "id": "kubernetes:kubernetes",
                        "attributes": {
                            "id": "kubernetes:kubernetes",
                            "name": "kubernetes",
                            "policy": "{\n  \"Version\": \"2012-10-17\",\n  \"Statement\": [\n    {\n      \"Action\" : [\"ec2:*\"],\n      \"Effect\": \"Allow\",\n      \"Resource\": [\"*\"]\n    },\n    {\n      \"Action\" : [\"elasticloadbalancing:*\"],\n      \"Effect\": \"Allow\",\n      \"Resource\": [\"*\"]\n    },\n    {\n      \"Action\": \"route53:*\",\n      \"Effect\": \"Allow\",\n      \"Resource\": [\"*\"]\n    },\n    {\n      \"Action\": \"ecr:*\",\n      \"Effect\": \"Allow\",\n      \"Resource\": \"*\"\n    }\n  ]\n}\n",
                            "role": "kubernetes"
                        },
                        "meta": {},
                        "tainted": false
                    },
                    "deposed": [],
                    "provider": "provider.aws"
                },
                "aws_instance.controller.0": {
                    "type": "aws_instance",
                    "depends_on": [
                        "aws_iam_instance_profile.kubernetes",
                        "aws_security_group.kubernetes",
                        "aws_subnet.kubernetes"
                    ],
                    "primary": {
                        "id": "i-0d5c3dbf742df7717",
                        "attributes": {
                            "ami": "ami-40d28157",
                            "arn": "arn:aws:ec2:us-east-1:638221891210:instance/i-0d5c3dbf742df7717",
                            "associate_public_ip_address": "true",
                            "availability_zone": "us-east-1c",
                            "cpu_core_count": "1",
                            "cpu_threads_per_core": "1",
                            "credit_specification.#": "1",
                            "credit_specification.0.cpu_credits": "standard",
                            "disable_api_termination": "false",
                            "ebs_block_device.#": "0",
                            "ebs_optimized": "false",
                            "ephemeral_block_device.#": "0",
                            "get_password_data": "false",
                            "iam_instance_profile": "kubernetes",
                            "id": "i-0d5c3dbf742df7717",
                            "instance_state": "running",
                            "instance_type": "t2.small",
                            "ipv6_addresses.#": "0",
                            "key_name": "fastDataPlatform",
                            "monitoring": "false",
                            "network_interface.#": "0",
                            "network_interface_id": "eni-0cee81fee2fd388d6",
                            "password_data": "",
                            "placement_group": "",
                            "primary_network_interface_id": "eni-0cee81fee2fd388d6",
                            "private_dns": "ip-10-43-0-20.ec2.internal",
                            "private_ip": "10.43.0.20",
                            "public_dns": "ec2-3-86-58-68.compute-1.amazonaws.com",
                            "public_ip": "3.86.58.68",
                            "root_block_device.#": "1",
                            "root_block_device.0.delete_on_termination": "true",
                            "root_block_device.0.iops": "100",
                            "root_block_device.0.volume_id": "vol-0fa48bf5857eaaf3d",
                            "root_block_device.0.volume_size": "8",
                            "root_block_device.0.volume_type": "gp2",
                            "security_groups.#": "0",
                            "source_dest_check": "false",
                            "subnet_id": "subnet-06a1d253211cc9ebe",
                            "tags.%": "5",
                            "tags.Name": "controller-0",
                            "tags.Owner": "Kubernetes",
                            "tags.ansibleFilter": "Kubernetes01",
                            "tags.ansibleNodeName": "controller0",
                            "tags.ansibleNodeType": "controller",
                            "tenancy": "default",
                            "volume_tags.%": "0",
                            "vpc_security_group_ids.#": "1",
                            "vpc_security_group_ids.2167099228": "sg-01defd1f61e7d63de"
                        },
                        "meta": {
                            "e2bfb730-ecaa-11e6-8f88-34363bc7c4c0": {
                                "create": 600000000000,
                                "delete": 1200000000000,
                                "update": 600000000000
                            },
                            "schema_version": "1"
                        },
                        "tainted": false
                    },
                    "deposed": [],
                    "provider": "provider.aws"
                },
                "aws_instance.controller.1": {
                    "type": "aws_instance",
                    "depends_on": [
                        "aws_iam_instance_profile.kubernetes",
                        "aws_security_group.kubernetes",
                        "aws_subnet.kubernetes"
                    ],
                    "primary": {
                        "id": "i-0a31884a70ca778b5",
                        "attributes": {
                            "ami": "ami-40d28157",
                            "arn": "arn:aws:ec2:us-east-1:638221891210:instance/i-0a31884a70ca778b5",
                            "associate_public_ip_address": "true",
                            "availability_zone": "us-east-1c",
                            "cpu_core_count": "1",
                            "cpu_threads_per_core": "1",
                            "credit_specification.#": "1",
                            "credit_specification.0.cpu_credits": "standard",
                            "disable_api_termination": "false",
                            "ebs_block_device.#": "0",
                            "ebs_optimized": "false",
                            "ephemeral_block_device.#": "0",
                            "get_password_data": "false",
                            "iam_instance_profile": "kubernetes",
                            "id": "i-0a31884a70ca778b5",
                            "instance_state": "running",
                            "instance_type": "t2.small",
                            "ipv6_addresses.#": "0",
                            "key_name": "fastDataPlatform",
                            "monitoring": "false",
                            "network_interface.#": "0",
                            "network_interface_id": "eni-05ebc2a5e1002f699",
                            "password_data": "",
                            "placement_group": "",
                            "primary_network_interface_id": "eni-05ebc2a5e1002f699",
                            "private_dns": "ip-10-43-0-21.ec2.internal",
                            "private_ip": "10.43.0.21",
                            "public_dns": "ec2-52-55-10-244.compute-1.amazonaws.com",
                            "public_ip": "52.55.10.244",
                            "root_block_device.#": "1",
                            "root_block_device.0.delete_on_termination": "true",
                            "root_block_device.0.iops": "100",
                            "root_block_device.0.volume_id": "vol-0c24b5b7a0a4e34fa",
                            "root_block_device.0.volume_size": "8",
                            "root_block_device.0.volume_type": "gp2",
                            "security_groups.#": "0",
                            "source_dest_check": "false",
                            "subnet_id": "subnet-06a1d253211cc9ebe",
                            "tags.%": "5",
                            "tags.Name": "controller-1",
                            "tags.Owner": "Kubernetes",
                            "tags.ansibleFilter": "Kubernetes01",
                            "tags.ansibleNodeName": "controller1",
                            "tags.ansibleNodeType": "controller",
                            "tenancy": "default",
                            "volume_tags.%": "0",
                            "vpc_security_group_ids.#": "1",
                            "vpc_security_group_ids.2167099228": "sg-01defd1f61e7d63de"
                        },
                        "meta": {
                            "e2bfb730-ecaa-11e6-8f88-34363bc7c4c0": {
                                "create": 600000000000,
                                "delete": 1200000000000,
                                "update": 600000000000
                            },
                            "schema_version": "1"
                        },
                        "tainted": false
                    },
                    "deposed": [],
                    "provider": "provider.aws"
                },
                "aws_instance.controller.2": {
                    "type": "aws_instance",
                    "depends_on": [
                        "aws_iam_instance_profile.kubernetes",
                        "aws_security_group.kubernetes",
                        "aws_subnet.kubernetes"
                    ],
                    "primary": {
                        "id": "i-0442911af2d44e060",
                        "attributes": {
                            "ami": "ami-40d28157",
                            "arn": "arn:aws:ec2:us-east-1:638221891210:instance/i-0442911af2d44e060",
                            "associate_public_ip_address": "true",
                            "availability_zone": "us-east-1c",
                            "cpu_core_count": "1",
                            "cpu_threads_per_core": "1",
                            "credit_specification.#": "1",
                            "credit_specification.0.cpu_credits": "standard",
                            "disable_api_termination": "false",
                            "ebs_block_device.#": "0",
                            "ebs_optimized": "false",
                            "ephemeral_block_device.#": "0",
                            "get_password_data": "false",
                            "iam_instance_profile": "kubernetes",
                            "id": "i-0442911af2d44e060",
                            "instance_state": "running",
                            "instance_type": "t2.small",
                            "ipv6_addresses.#": "0",
                            "key_name": "fastDataPlatform",
                            "monitoring": "false",
                            "network_interface.#": "0",
                            "network_interface_id": "eni-0e22afd00efbc9d80",
                            "password_data": "",
                            "placement_group": "",
                            "primary_network_interface_id": "eni-0e22afd00efbc9d80",
                            "private_dns": "ip-10-43-0-22.ec2.internal",
                            "private_ip": "10.43.0.22",
                            "public_dns": "ec2-3-85-102-79.compute-1.amazonaws.com",
                            "public_ip": "3.85.102.79",
                            "root_block_device.#": "1",
                            "root_block_device.0.delete_on_termination": "true",
                            "root_block_device.0.iops": "100",
                            "root_block_device.0.volume_id": "vol-03d14ba74eefeea75",
                            "root_block_device.0.volume_size": "8",
                            "root_block_device.0.volume_type": "gp2",
                            "security_groups.#": "0",
                            "source_dest_check": "false",
                            "subnet_id": "subnet-06a1d253211cc9ebe",
                            "tags.%": "5",
                            "tags.Name": "controller-2",
                            "tags.Owner": "Kubernetes",
                            "tags.ansibleFilter": "Kubernetes01",
                            "tags.ansibleNodeName": "controller2",
                            "tags.ansibleNodeType": "controller",
                            "tenancy": "default",
                            "volume_tags.%": "0",
                            "vpc_security_group_ids.#": "1",
                            "vpc_security_group_ids.2167099228": "sg-01defd1f61e7d63de"
                        },
                        "meta": {
                            "e2bfb730-ecaa-11e6-8f88-34363bc7c4c0": {
                                "create": 600000000000,
                                "delete": 1200000000000,
                                "update": 600000000000
                            },
                            "schema_version": "1"
                        },
                        "tainted": false
                    },
                    "deposed": [],
                    "provider": "provider.aws"
                },
                "aws_instance.etcd.0": {
                    "type": "aws_instance",
                    "depends_on": [
                        "aws_security_group.kubernetes",
                        "aws_subnet.kubernetes"
                    ],
                    "primary": {
                        "id": "i-068120e5aa1492c8f",
                        "attributes": {
                            "ami": "ami-40d28157",
                            "arn": "arn:aws:ec2:us-east-1:638221891210:instance/i-068120e5aa1492c8f",
                            "associate_public_ip_address": "true",
                            "availability_zone": "us-east-1c",
                            "cpu_core_count": "1",
                            "cpu_threads_per_core": "1",
                            "credit_specification.#": "1",
                            "credit_specification.0.cpu_credits": "standard",
                            "disable_api_termination": "false",
                            "ebs_block_device.#": "0",
                            "ebs_optimized": "false",
                            "ephemeral_block_device.#": "0",
                            "get_password_data": "false",
                            "iam_instance_profile": "",
                            "id": "i-068120e5aa1492c8f",
                            "instance_state": "running",
                            "instance_type": "t2.small",
                            "ipv6_addresses.#": "0",
                            "key_name": "fastDataPlatform",
                            "monitoring": "false",
                            "network_interface.#": "0",
                            "network_interface_id": "eni-06c322985f51ac1c1",
                            "password_data": "",
                            "placement_group": "",
                            "primary_network_interface_id": "eni-06c322985f51ac1c1",
                            "private_dns": "ip-10-43-0-10.ec2.internal",
                            "private_ip": "10.43.0.10",
                            "public_dns": "ec2-52-205-252-21.compute-1.amazonaws.com",
                            "public_ip": "52.205.252.21",
                            "root_block_device.#": "1",
                            "root_block_device.0.delete_on_termination": "true",
                            "root_block_device.0.iops": "100",
                            "root_block_device.0.volume_id": "vol-0b5c4d1f9771f785d",
                            "root_block_device.0.volume_size": "8",
                            "root_block_device.0.volume_type": "gp2",
                            "security_groups.#": "0",
                            "source_dest_check": "true",
                            "subnet_id": "subnet-06a1d253211cc9ebe",
                            "tags.%": "5",
                            "tags.Name": "etcd-0",
                            "tags.Owner": "Kubernetes",
                            "tags.ansibleFilter": "Kubernetes01",
                            "tags.ansibleNodeName": "etcd0",
                            "tags.ansibleNodeType": "etcd",
                            "tenancy": "default",
                            "volume_tags.%": "0",
                            "vpc_security_group_ids.#": "1",
                            "vpc_security_group_ids.2167099228": "sg-01defd1f61e7d63de"
                        },
                        "meta": {
                            "e2bfb730-ecaa-11e6-8f88-34363bc7c4c0": {
                                "create": 600000000000,
                                "delete": 1200000000000,
                                "update": 600000000000
                            },
                            "schema_version": "1"
                        },
                        "tainted": false
                    },
                    "deposed": [],
                    "provider": "provider.aws"
                },
                "aws_instance.etcd.1": {
                    "type": "aws_instance",
                    "depends_on": [
                        "aws_security_group.kubernetes",
                        "aws_subnet.kubernetes"
                    ],
                    "primary": {
                        "id": "i-09105c9a90c437c12",
                        "attributes": {
                            "ami": "ami-40d28157",
                            "arn": "arn:aws:ec2:us-east-1:638221891210:instance/i-09105c9a90c437c12",
                            "associate_public_ip_address": "true",
                            "availability_zone": "us-east-1c",
                            "cpu_core_count": "1",
                            "cpu_threads_per_core": "1",
                            "credit_specification.#": "1",
                            "credit_specification.0.cpu_credits": "standard",
                            "disable_api_termination": "false",
                            "ebs_block_device.#": "0",
                            "ebs_optimized": "false",
                            "ephemeral_block_device.#": "0",
                            "get_password_data": "false",
                            "iam_instance_profile": "",
                            "id": "i-09105c9a90c437c12",
                            "instance_state": "running",
                            "instance_type": "t2.small",
                            "ipv6_addresses.#": "0",
                            "key_name": "fastDataPlatform",
                            "monitoring": "false",
                            "network_interface.#": "0",
                            "network_interface_id": "eni-0b78bf935475e88a4",
                            "password_data": "",
                            "placement_group": "",
                            "primary_network_interface_id": "eni-0b78bf935475e88a4",
                            "private_dns": "ip-10-43-0-11.ec2.internal",
                            "private_ip": "10.43.0.11",
                            "public_dns": "ec2-3-83-39-167.compute-1.amazonaws.com",
                            "public_ip": "3.83.39.167",
                            "root_block_device.#": "1",
                            "root_block_device.0.delete_on_termination": "true",
                            "root_block_device.0.iops": "100",
                            "root_block_device.0.volume_id": "vol-0bc8e46733b64f486",
                            "root_block_device.0.volume_size": "8",
                            "root_block_device.0.volume_type": "gp2",
                            "security_groups.#": "0",
                            "source_dest_check": "true",
                            "subnet_id": "subnet-06a1d253211cc9ebe",
                            "tags.%": "5",
                            "tags.Name": "etcd-1",
                            "tags.Owner": "Kubernetes",
                            "tags.ansibleFilter": "Kubernetes01",
                            "tags.ansibleNodeName": "etcd1",
                            "tags.ansibleNodeType": "etcd",
                            "tenancy": "default",
                            "volume_tags.%": "0",
                            "vpc_security_group_ids.#": "1",
                            "vpc_security_group_ids.2167099228": "sg-01defd1f61e7d63de"
                        },
                        "meta": {
                            "e2bfb730-ecaa-11e6-8f88-34363bc7c4c0": {
                                "create": 600000000000,
                                "delete": 1200000000000,
                                "update": 600000000000
                            },
                            "schema_version": "1"
                        },
                        "tainted": false
                    },
                    "deposed": [],
                    "provider": "provider.aws"
                },
                "aws_instance.etcd.2": {
                    "type": "aws_instance",
                    "depends_on": [
                        "aws_security_group.kubernetes",
                        "aws_subnet.kubernetes"
                    ],
                    "primary": {
                        "id": "i-08386dd547a869541",
                        "attributes": {
                            "ami": "ami-40d28157",
                            "arn": "arn:aws:ec2:us-east-1:638221891210:instance/i-08386dd547a869541",
                            "associate_public_ip_address": "true",
                            "availability_zone": "us-east-1c",
                            "cpu_core_count": "1",
                            "cpu_threads_per_core": "1",
                            "credit_specification.#": "1",
                            "credit_specification.0.cpu_credits": "standard",
                            "disable_api_termination": "false",
                            "ebs_block_device.#": "0",
                            "ebs_optimized": "false",
                            "ephemeral_block_device.#": "0",
                            "get_password_data": "false",
                            "iam_instance_profile": "",
                            "id": "i-08386dd547a869541",
                            "instance_state": "running",
                            "instance_type": "t2.small",
                            "ipv6_addresses.#": "0",
                            "key_name": "fastDataPlatform",
                            "monitoring": "false",
                            "network_interface.#": "0",
                            "network_interface_id": "eni-0318a3e8e584ea164",
                            "password_data": "",
                            "placement_group": "",
                            "primary_network_interface_id": "eni-0318a3e8e584ea164",
                            "private_dns": "ip-10-43-0-12.ec2.internal",
                            "private_ip": "10.43.0.12",
                            "public_dns": "ec2-3-86-60-156.compute-1.amazonaws.com",
                            "public_ip": "3.86.60.156",
                            "root_block_device.#": "1",
                            "root_block_device.0.delete_on_termination": "true",
                            "root_block_device.0.iops": "100",
                            "root_block_device.0.volume_id": "vol-000f5ba0b06e69deb",
                            "root_block_device.0.volume_size": "8",
                            "root_block_device.0.volume_type": "gp2",
                            "security_groups.#": "0",
                            "source_dest_check": "true",
                            "subnet_id": "subnet-06a1d253211cc9ebe",
                            "tags.%": "5",
                            "tags.Name": "etcd-2",
                            "tags.Owner": "Kubernetes",
                            "tags.ansibleFilter": "Kubernetes01",
                            "tags.ansibleNodeName": "etcd2",
                            "tags.ansibleNodeType": "etcd",
                            "tenancy": "default",
                            "volume_tags.%": "0",
                            "vpc_security_group_ids.#": "1",
                            "vpc_security_group_ids.2167099228": "sg-01defd1f61e7d63de"
                        },
                        "meta": {
                            "e2bfb730-ecaa-11e6-8f88-34363bc7c4c0": {
                                "create": 600000000000,
                                "delete": 1200000000000,
                                "update": 600000000000
                            },
                            "schema_version": "1"
                        },
                        "tainted": false
                    },
                    "deposed": [],
                    "provider": "provider.aws"
                },
                "aws_instance.worker.0": {
                    "type": "aws_instance",
                    "depends_on": [
                        "aws_security_group.kubernetes",
                        "aws_subnet.kubernetes"
                    ],
                    "primary": {
                        "id": "i-0e9dc0c6b345cdac4",
                        "attributes": {
                            "ami": "ami-40d28157",
                            "arn": "arn:aws:ec2:us-east-1:638221891210:instance/i-0e9dc0c6b345cdac4",
                            "associate_public_ip_address": "true",
                            "availability_zone": "us-east-1c",
                            "cpu_core_count": "1",
                            "cpu_threads_per_core": "1",
                            "credit_specification.#": "1",
                            "credit_specification.0.cpu_credits": "standard",
                            "disable_api_termination": "false",
                            "ebs_block_device.#": "0",
                            "ebs_optimized": "false",
                            "ephemeral_block_device.#": "0",
                            "get_password_data": "false",
                            "iam_instance_profile": "",
                            "id": "i-0e9dc0c6b345cdac4",
                            "instance_state": "running",
                            "instance_type": "t2.small",
                            "ipv6_addresses.#": "0",
                            "key_name": "fastDataPlatform",
                            "monitoring": "false",
                            "network_interface.#": "0",
                            "network_interface_id": "eni-02e6a3fd7ec2c8ea0",
                            "password_data": "",
                            "placement_group": "",
                            "primary_network_interface_id": "eni-02e6a3fd7ec2c8ea0",
                            "private_dns": "ip-10-43-0-30.ec2.internal",
                            "private_ip": "10.43.0.30",
                            "public_dns": "ec2-3-85-50-113.compute-1.amazonaws.com",
                            "public_ip": "3.85.50.113",
                            "root_block_device.#": "1",
                            "root_block_device.0.delete_on_termination": "true",
                            "root_block_device.0.iops": "100",
                            "root_block_device.0.volume_id": "vol-05246dd82c0829c43",
                            "root_block_device.0.volume_size": "8",
                            "root_block_device.0.volume_type": "gp2",
                            "security_groups.#": "0",
                            "source_dest_check": "false",
                            "subnet_id": "subnet-06a1d253211cc9ebe",
                            "tags.%": "5",
                            "tags.Name": "worker-0",
                            "tags.Owner": "Kubernetes",
                            "tags.ansibleFilter": "Kubernetes01",
                            "tags.ansibleNodeName": "worker0",
                            "tags.ansibleNodeType": "worker",
                            "tenancy": "default",
                            "volume_tags.%": "0",
                            "vpc_security_group_ids.#": "1",
                            "vpc_security_group_ids.2167099228": "sg-01defd1f61e7d63de"
                        },
                        "meta": {
                            "e2bfb730-ecaa-11e6-8f88-34363bc7c4c0": {
                                "create": 600000000000,
                                "delete": 1200000000000,
                                "update": 600000000000
                            },
                            "schema_version": "1"
                        },
                        "tainted": false
                    },
                    "deposed": [],
                    "provider": "provider.aws"
                },
                "aws_instance.worker.1": {
                    "type": "aws_instance",
                    "depends_on": [
                        "aws_security_group.kubernetes",
                        "aws_subnet.kubernetes"
                    ],
                    "primary": {
                        "id": "i-0760cf97206b665d3",
                        "attributes": {
                            "ami": "ami-40d28157",
                            "arn": "arn:aws:ec2:us-east-1:638221891210:instance/i-0760cf97206b665d3",
                            "associate_public_ip_address": "true",
                            "availability_zone": "us-east-1c",
                            "cpu_core_count": "1",
                            "cpu_threads_per_core": "1",
                            "credit_specification.#": "1",
                            "credit_specification.0.cpu_credits": "standard",
                            "disable_api_termination": "false",
                            "ebs_block_device.#": "0",
                            "ebs_optimized": "false",
                            "ephemeral_block_device.#": "0",
                            "get_password_data": "false",
                            "iam_instance_profile": "",
                            "id": "i-0760cf97206b665d3",
                            "instance_state": "running",
                            "instance_type": "t2.small",
                            "ipv6_addresses.#": "0",
                            "key_name": "fastDataPlatform",
                            "monitoring": "false",
                            "network_interface.#": "0",
                            "network_interface_id": "eni-090ecde2d647d438e",
                            "password_data": "",
                            "placement_group": "",
                            "primary_network_interface_id": "eni-090ecde2d647d438e",
                            "private_dns": "ip-10-43-0-31.ec2.internal",
                            "private_ip": "10.43.0.31",
                            "public_dns": "ec2-3-82-210-64.compute-1.amazonaws.com",
                            "public_ip": "3.82.210.64",
                            "root_block_device.#": "1",
                            "root_block_device.0.delete_on_termination": "true",
                            "root_block_device.0.iops": "100",
                            "root_block_device.0.volume_id": "vol-0b4379a32c005ba88",
                            "root_block_device.0.volume_size": "8",
                            "root_block_device.0.volume_type": "gp2",
                            "security_groups.#": "0",
                            "source_dest_check": "false",
                            "subnet_id": "subnet-06a1d253211cc9ebe",
                            "tags.%": "5",
                            "tags.Name": "worker-1",
                            "tags.Owner": "Kubernetes",
                            "tags.ansibleFilter": "Kubernetes01",
                            "tags.ansibleNodeName": "worker1",
                            "tags.ansibleNodeType": "worker",
                            "tenancy": "default",
                            "volume_tags.%": "0",
                            "vpc_security_group_ids.#": "1",
                            "vpc_security_group_ids.2167099228": "sg-01defd1f61e7d63de"
                        },
                        "meta": {
                            "e2bfb730-ecaa-11e6-8f88-34363bc7c4c0": {
                                "create": 600000000000,
                                "delete": 1200000000000,
                                "update": 600000000000
                            },
                            "schema_version": "1"
                        },
                        "tainted": false
                    },
                    "deposed": [],
                    "provider": "provider.aws"
                },
                "aws_instance.worker.2": {
                    "type": "aws_instance",
                    "depends_on": [
                        "aws_security_group.kubernetes",
                        "aws_subnet.kubernetes"
                    ],
                    "primary": {
                        "id": "i-0b3d553f251d479c6",
                        "attributes": {
                            "ami": "ami-40d28157",
                            "arn": "arn:aws:ec2:us-east-1:638221891210:instance/i-0b3d553f251d479c6",
                            "associate_public_ip_address": "true",
                            "availability_zone": "us-east-1c",
                            "cpu_core_count": "1",
                            "cpu_threads_per_core": "1",
                            "credit_specification.#": "1",
                            "credit_specification.0.cpu_credits": "standard",
                            "disable_api_termination": "false",
                            "ebs_block_device.#": "0",
                            "ebs_optimized": "false",
                            "ephemeral_block_device.#": "0",
                            "get_password_data": "false",
                            "iam_instance_profile": "",
                            "id": "i-0b3d553f251d479c6",
                            "instance_state": "running",
                            "instance_type": "t2.small",
                            "ipv6_addresses.#": "0",
                            "key_name": "fastDataPlatform",
                            "monitoring": "false",
                            "network_interface.#": "0",
                            "network_interface_id": "eni-07f69dcf804b423ff",
                            "password_data": "",
                            "placement_group": "",
                            "primary_network_interface_id": "eni-07f69dcf804b423ff",
                            "private_dns": "ip-10-43-0-32.ec2.internal",
                            "private_ip": "10.43.0.32",
                            "public_dns": "ec2-3-84-103-89.compute-1.amazonaws.com",
                            "public_ip": "3.84.103.89",
                            "root_block_device.#": "1",
                            "root_block_device.0.delete_on_termination": "true",
                            "root_block_device.0.iops": "100",
                            "root_block_device.0.volume_id": "vol-0c51324ab8503a482",
                            "root_block_device.0.volume_size": "8",
                            "root_block_device.0.volume_type": "gp2",
                            "security_groups.#": "0",
                            "source_dest_check": "false",
                            "subnet_id": "subnet-06a1d253211cc9ebe",
                            "tags.%": "5",
                            "tags.Name": "worker-2",
                            "tags.Owner": "Kubernetes",
                            "tags.ansibleFilter": "Kubernetes01",
                            "tags.ansibleNodeName": "worker2",
                            "tags.ansibleNodeType": "worker",
                            "tenancy": "default",
                            "volume_tags.%": "0",
                            "vpc_security_group_ids.#": "1",
                            "vpc_security_group_ids.2167099228": "sg-01defd1f61e7d63de"
                        },
                        "meta": {
                            "e2bfb730-ecaa-11e6-8f88-34363bc7c4c0": {
                                "create": 600000000000,
                                "delete": 1200000000000,
                                "update": 600000000000
                            },
                            "schema_version": "1"
                        },
                        "tainted": false
                    },
                    "deposed": [],
                    "provider": "provider.aws"
                },
                "aws_internet_gateway.gw": {
                    "type": "aws_internet_gateway",
                    "depends_on": [
                        "aws_vpc.kubernetes"
                    ],
                    "primary": {
                        "id": "igw-050f808c2b167c2de",
                        "attributes": {
                            "id": "igw-050f808c2b167c2de",
                            "owner_id": "638221891210",
                            "tags.%": "2",
                            "tags.Name": "kubernetes",
                            "tags.Owner": "Kubernetes",
                            "vpc_id": "vpc-0c39af7ee228250f7"
                        },
                        "meta": {},
                        "tainted": false
                    },
                    "deposed": [],
                    "provider": "provider.aws"
                },
                "aws_key_pair.default_keypair": {
                    "type": "aws_key_pair",
                    "depends_on": [],
                    "primary": {
                        "id": "fastDataPlatform",
                        "attributes": {
                            "fingerprint": "5b:44:d4:e2:83:b3:f5:99:a2:ed:fb:31:2b:e7:a1:bf",
                            "id": "fastDataPlatform",
                            "key_name": "fastDataPlatform",
                            "public_key": "ssh-rsa AAAAB3NzaC1yc2EAAAADAQABAAABAQCcOlJf4phbHez+mHAOfCFxcTwhppjs5av7jfyX6csxviAyVipLFoh3kmRX/+i3caxEHlsWkf+fdxrmWWG2tmeqc4F0B57WPj8re74MU642/h9OucerrRu4pgtE9vuv8ec3YCEJtBHUdaVqtnNVgHAqH7twm6F2LGyEE4z9hnNPXJNZI/vmp26kO7SPcUvzkWKriNtLVkPTgndGHZzwFAKDM7WjyJiBsBid+hS7HF/2/iOF6BKfULD/5KltpleSJzu07/vivHHLnxlonjWWtfpBZv+hX9eLZtqGKUssaQwQmt8+YNlFhfuGzuIiVDy5jRCBRzhhqYoCClHudFEZ3Hdx"
                        },
                        "meta": {
                            "schema_version": "1"
                        },
                        "tainted": false
                    },
                    "deposed": [],
                    "provider": "provider.aws"
                },
                "aws_route_table.kubernetes": {
                    "type": "aws_route_table",
                    "depends_on": [
                        "aws_internet_gateway.gw",
                        "aws_vpc.kubernetes"
                    ],
                    "primary": {
                        "id": "rtb-0abf49d60af2d8d5c",
                        "attributes": {
                            "id": "rtb-0abf49d60af2d8d5c",
                            "owner_id": "638221891210",
                            "propagating_vgws.#": "0",
                            "route.#": "1",
                            "route.1185128786.cidr_block": "0.0.0.0/0",
                            "route.1185128786.egress_only_gateway_id": "",
                            "route.1185128786.gateway_id": "igw-050f808c2b167c2de",
                            "route.1185128786.instance_id": "",
                            "route.1185128786.ipv6_cidr_block": "",
                            "route.1185128786.nat_gateway_id": "",
                            "route.1185128786.network_interface_id": "",
                            "route.1185128786.transit_gateway_id": "",
                            "route.1185128786.vpc_peering_connection_id": "",
                            "tags.%": "2",
                            "tags.Name": "kubernetes",
                            "tags.Owner": "Kubernetes",
                            "vpc_id": "vpc-0c39af7ee228250f7"
                        },
                        "meta": {},
                        "tainted": false
                    },
                    "deposed": [],
                    "provider": "provider.aws"
                },
                "aws_route_table_association.kubernetes": {
                    "type": "aws_route_table_association",
                    "depends_on": [
                        "aws_route_table.kubernetes",
                        "aws_subnet.kubernetes"
                    ],
                    "primary": {
                        "id": "rtbassoc-080fba40f06b37e54",
                        "attributes": {
                            "id": "rtbassoc-080fba40f06b37e54",
                            "route_table_id": "rtb-0abf49d60af2d8d5c",
                            "subnet_id": "subnet-06a1d253211cc9ebe"
                        },
                        "meta": {},
                        "tainted": false
                    },
                    "deposed": [],
                    "provider": "provider.aws"
                },
                "aws_security_group.kubernetes": {
                    "type": "aws_security_group",
                    "depends_on": [
                        "aws_security_group.kubernetes_api",
                        "aws_vpc.kubernetes"
                    ],
                    "primary": {
                        "id": "sg-01defd1f61e7d63de",
                        "attributes": {
                            "arn": "arn:aws:ec2:us-east-1:638221891210:security-group/sg-01defd1f61e7d63de",
                            "description": "Managed by Terraform",
                            "egress.#": "1",
                            "egress.482069346.cidr_blocks.#": "1",
                            "egress.482069346.cidr_blocks.0": "0.0.0.0/0",
                            "egress.482069346.description": "",
                            "egress.482069346.from_port": "0",
                            "egress.482069346.ipv6_cidr_blocks.#": "0",
                            "egress.482069346.prefix_list_ids.#": "0",
                            "egress.482069346.protocol": "-1",
                            "egress.482069346.security_groups.#": "0",
                            "egress.482069346.self": "false",
                            "egress.482069346.to_port": "0",
                            "id": "sg-01defd1f61e7d63de",
                            "ingress.#": "4",
                            "ingress.1978575005.cidr_blocks.#": "0",
                            "ingress.1978575005.description": "",
                            "ingress.1978575005.from_port": "0",
                            "ingress.1978575005.ipv6_cidr_blocks.#": "0",
                            "ingress.1978575005.prefix_list_ids.#": "0",
                            "ingress.1978575005.protocol": "-1",
                            "ingress.1978575005.security_groups.#": "1",
                            "ingress.1978575005.security_groups.95031265": "sg-04346d292e688e41e",
                            "ingress.1978575005.self": "false",
                            "ingress.1978575005.to_port": "0",
                            "ingress.2242829830.cidr_blocks.#": "1",
                            "ingress.2242829830.cidr_blocks.0": "10.43.0.0/16",
                            "ingress.2242829830.description": "",
                            "ingress.2242829830.from_port": "0",
                            "ingress.2242829830.ipv6_cidr_blocks.#": "0",
                            "ingress.2242829830.prefix_list_ids.#": "0",
                            "ingress.2242829830.protocol": "-1",
                            "ingress.2242829830.security_groups.#": "0",
                            "ingress.2242829830.self": "false",
                            "ingress.2242829830.to_port": "0",
                            "ingress.3068409405.cidr_blocks.#": "1",
                            "ingress.3068409405.cidr_blocks.0": "0.0.0.0/0",
                            "ingress.3068409405.description": "",
                            "ingress.3068409405.from_port": "8",
                            "ingress.3068409405.ipv6_cidr_blocks.#": "0",
                            "ingress.3068409405.prefix_list_ids.#": "0",
                            "ingress.3068409405.protocol": "icmp",
                            "ingress.3068409405.security_groups.#": "0",
                            "ingress.3068409405.self": "false",
                            "ingress.3068409405.to_port": "0",
                            "ingress.482069346.cidr_blocks.#": "1",
                            "ingress.482069346.cidr_blocks.0": "0.0.0.0/0",
                            "ingress.482069346.description": "",
                            "ingress.482069346.from_port": "0",
                            "ingress.482069346.ipv6_cidr_blocks.#": "0",
                            "ingress.482069346.prefix_list_ids.#": "0",
                            "ingress.482069346.protocol": "-1",
                            "ingress.482069346.security_groups.#": "0",
                            "ingress.482069346.self": "false",
                            "ingress.482069346.to_port": "0",
                            "name": "kubernetes",
                            "owner_id": "638221891210",
                            "revoke_rules_on_delete": "false",
                            "tags.%": "2",
                            "tags.Name": "kubernetes",
                            "tags.Owner": "Kubernetes",
                            "vpc_id": "vpc-0c39af7ee228250f7"
                        },
                        "meta": {
                            "e2bfb730-ecaa-11e6-8f88-34363bc7c4c0": {
                                "create": 600000000000,
                                "delete": 600000000000
                            },
                            "schema_version": "1"
                        },
                        "tainted": false
                    },
                    "deposed": [],
                    "provider": "provider.aws"
                },
                "aws_security_group.kubernetes_api": {
                    "type": "aws_security_group",
                    "depends_on": [
                        "aws_vpc.kubernetes"
                    ],
                    "primary": {
                        "id": "sg-04346d292e688e41e",
                        "attributes": {
                            "arn": "arn:aws:ec2:us-east-1:638221891210:security-group/sg-04346d292e688e41e",
                            "description": "Managed by Terraform",
                            "egress.#": "1",
                            "egress.482069346.cidr_blocks.#": "1",
                            "egress.482069346.cidr_blocks.0": "0.0.0.0/0",
                            "egress.482069346.description": "",
                            "egress.482069346.from_port": "0",
                            "egress.482069346.ipv6_cidr_blocks.#": "0",
                            "egress.482069346.prefix_list_ids.#": "0",
                            "egress.482069346.protocol": "-1",
                            "egress.482069346.security_groups.#": "0",
                            "egress.482069346.self": "false",
                            "egress.482069346.to_port": "0",
                            "id": "sg-04346d292e688e41e",
                            "ingress.#": "1",
                            "ingress.1463360607.cidr_blocks.#": "1",
                            "ingress.1463360607.cidr_blocks.0": "0.0.0.0/0",
                            "ingress.1463360607.description": "",
                            "ingress.1463360607.from_port": "6443",
                            "ingress.1463360607.ipv6_cidr_blocks.#": "0",
                            "ingress.1463360607.prefix_list_ids.#": "0",
                            "ingress.1463360607.protocol": "TCP",
                            "ingress.1463360607.security_groups.#": "0",
                            "ingress.1463360607.self": "false",
                            "ingress.1463360607.to_port": "6443",
                            "name": "kubernetes-api",
                            "owner_id": "638221891210",
                            "revoke_rules_on_delete": "false",
                            "tags.%": "2",
                            "tags.Name": "kubernetes-api",
                            "tags.Owner": "Kubernetes",
                            "vpc_id": "vpc-0c39af7ee228250f7"
                        },
                        "meta": {
                            "e2bfb730-ecaa-11e6-8f88-34363bc7c4c0": {
                                "create": 600000000000,
                                "delete": 600000000000
                            },
                            "schema_version": "1"
                        },
                        "tainted": false
                    },
                    "deposed": [],
                    "provider": "provider.aws"
                },
                "aws_subnet.kubernetes": {
                    "type": "aws_subnet",
                    "depends_on": [
                        "aws_vpc.kubernetes"
                    ],
                    "primary": {
                        "id": "subnet-06a1d253211cc9ebe",
                        "attributes": {
                            "arn": "arn:aws:ec2:us-east-1:638221891210:subnet/subnet-06a1d253211cc9ebe",
                            "assign_ipv6_address_on_creation": "false",
                            "availability_zone": "us-east-1c",
                            "availability_zone_id": "use1-az2",
                            "cidr_block": "10.43.0.0/16",
                            "id": "subnet-06a1d253211cc9ebe",
                            "ipv6_cidr_block": "",
                            "ipv6_cidr_block_association_id": "",
                            "map_public_ip_on_launch": "false",
                            "owner_id": "638221891210",
                            "tags.%": "2",
                            "tags.Name": "kubernetes",
                            "tags.Owner": "Kubernetes",
                            "vpc_id": "vpc-0c39af7ee228250f7"
                        },
                        "meta": {
                            "e2bfb730-ecaa-11e6-8f88-34363bc7c4c0": {
                                "create": 600000000000,
                                "delete": 600000000000
                            },
                            "schema_version": "1"
                        },
                        "tainted": false
                    },
                    "deposed": [],
                    "provider": "provider.aws"
                },
                "aws_vpc.kubernetes": {
                    "type": "aws_vpc",
                    "depends_on": [],
                    "primary": {
                        "id": "vpc-0c39af7ee228250f7",
                        "attributes": {
                            "arn": "arn:aws:ec2:us-east-1:638221891210:vpc/vpc-0c39af7ee228250f7",
                            "assign_generated_ipv6_cidr_block": "false",
                            "cidr_block": "10.43.0.0/16",
                            "default_network_acl_id": "acl-0e0066ad7b53699bc",
                            "default_route_table_id": "rtb-0e6da5b1af5bc39e6",
                            "default_security_group_id": "sg-0ac0a7c5e6e0122b2",
                            "dhcp_options_id": "dopt-09916e70",
                            "enable_classiclink": "false",
                            "enable_classiclink_dns_support": "false",
                            "enable_dns_hostnames": "true",
                            "enable_dns_support": "true",
                            "id": "vpc-0c39af7ee228250f7",
                            "instance_tenancy": "default",
                            "ipv6_association_id": "",
                            "ipv6_cidr_block": "",
                            "main_route_table_id": "rtb-0e6da5b1af5bc39e6",
                            "owner_id": "638221891210",
                            "tags.%": "2",
                            "tags.Name": "kubernetes",
                            "tags.Owner": "Kubernetes"
                        },
                        "meta": {
                            "schema_version": "1"
                        },
                        "tainted": false
                    },
                    "deposed": [],
                    "provider": "provider.aws"
                },
                "aws_vpc_dhcp_options.dns_resolver": {
                    "type": "aws_vpc_dhcp_options",
                    "depends_on": [],
                    "primary": {
                        "id": "dopt-0fa0315dd131a5d6b",
                        "attributes": {
                            "domain_name": "us-east-1.compute.internal",
                            "domain_name_servers.#": "1",
                            "domain_name_servers.0": "AmazonProvidedDNS",
                            "id": "dopt-0fa0315dd131a5d6b",
                            "owner_id": "638221891210",
                            "tags.%": "2",
                            "tags.Name": "kubernetes",
                            "tags.Owner": "Kubernetes"
                        },
                        "meta": {},
                        "tainted": false
                    },
                    "deposed": [],
                    "provider": "provider.aws"
                },
                "aws_vpc_dhcp_options_association.dns_resolver": {
                    "type": "aws_vpc_dhcp_options_association",
                    "depends_on": [
                        "aws_vpc.kubernetes",
                        "aws_vpc_dhcp_options.dns_resolver"
                    ],
                    "primary": {
                        "id": "dopt-0fa0315dd131a5d6b-vpc-0c39af7ee228250f7",
                        "attributes": {
                            "dhcp_options_id": "dopt-0fa0315dd131a5d6b",
                            "id": "dopt-0fa0315dd131a5d6b-vpc-0c39af7ee228250f7",
                            "vpc_id": "vpc-0c39af7ee228250f7"
                        },
                        "meta": {},
                        "tainted": false
                    },
                    "deposed": [],
                    "provider": "provider.aws"
                },
                "data.template_file.certificates": {
                    "type": "template_file",
                    "depends_on": [
                        "aws_elb.kubernetes_api",
                        "aws_instance.controller",
                        "aws_instance.controller.1",
                        "aws_instance.controller.2",
                        "aws_instance.etcd",
                        "aws_instance.etcd.1",
                        "aws_instance.etcd.2",
                        "aws_instance.worker",
                        "aws_instance.worker.1",
                        "aws_instance.worker.2"
                    ],
                    "primary": {
                        "id": "a8201337f19b992a20fbde752731ecd65ab8a977a4a434c6e61b83455be0a648",
                        "attributes": {
                            "id": "a8201337f19b992a20fbde752731ecd65ab8a977a4a434c6e61b83455be0a648",
                            "rendered": "{\n  \"CN\": \"kubernetes\",\n  \"hosts\": [\n    \"worker0\",\n    \"worker1\",\n    \"worker2\",\n    \"10.31.0.1\",\n    \"10.43.0.20\",\n    \"10.43.0.21\",\n    \"10.43.0.22\",\n    \"10.43.0.10\",\n    \"10.43.0.11\",\n    \"10.43.0.12\",\n    \"10.43.0.30\",\n    \"10.43.0.31\",\n    \"10.43.0.32\",\n    \"ip-10-43-0-20.ec2.internal\",\n    \"ip-10-43-0-21.ec2.internal\",\n    \"ip-10-43-0-22.ec2.internal\",\n    \"ip-10-43-0-10.ec2.internal\",\n    \"ip-10-43-0-11.ec2.internal\",\n    \"ip-10-43-0-12.ec2.internal\",\n    \"ip-10-43-0-30.ec2.internal\",\n    \"ip-10-43-0-31.ec2.internal\",\n    \"ip-10-43-0-32.ec2.internal\",\n    \"kubernetes-1992796151.us-east-1.elb.amazonaws.com\",\n    \"127.0.0.1\"\n  ],\n  \"key\": {\n    \"algo\": \"rsa\",\n    \"size\": 2048\n  },\n  \"names\": [\n    {\n      \"C\": \"UK\",\n      \"L\": \"London\",\n      \"O\": \"SmartyDreams\",\n      \"OU\": \"Cluster\"\n    }\n  ]\n}\n",
                            "template": "{\n  \"CN\": \"kubernetes\",\n  \"hosts\": [\n    \"worker0\",\n    \"worker1\",\n    \"worker2\",\n    \"${kubernetes_cluster_dns}\",\n    \"${controller0_ip}\",\n    \"${controller1_ip}\",\n    \"${controller2_ip}\",\n    \"${etcd0_ip}\",\n    \"${etcd1_ip}\",\n    \"${etcd2_ip}\",\n    \"${worker0_ip}\",\n    \"${worker1_ip}\",\n    \"${worker2_ip}\",\n    \"${controller0_dns}\",\n    \"${controller1_dns}\",\n    \"${controller2_dns}\",\n    \"${etcd0_dns}\",\n    \"${etcd1_dns}\",\n    \"${etcd2_dns}\",\n    \"${worker0_dns}\",\n    \"${worker1_dns}\",\n    \"${worker2_dns}\",\n    \"${kubernetes_api_elb_dns_name}\",\n    \"127.0.0.1\"\n  ],\n  \"key\": {\n    \"algo\": \"rsa\",\n    \"size\": 2048\n  },\n  \"names\": [\n    {\n      \"C\": \"UK\",\n      \"L\": \"London\",\n      \"O\": \"SmartyDreams\",\n      \"OU\": \"Cluster\"\n    }\n  ]\n}\n",
                            "vars.%": "20",
                            "vars.controller0_dns": "ip-10-43-0-20.ec2.internal",
                            "vars.controller0_ip": "10.43.0.20",
                            "vars.controller1_dns": "ip-10-43-0-21.ec2.internal",
                            "vars.controller1_ip": "10.43.0.21",
                            "vars.controller2_dns": "ip-10-43-0-22.ec2.internal",
                            "vars.controller2_ip": "10.43.0.22",
                            "vars.etcd0_dns": "ip-10-43-0-10.ec2.internal",
                            "vars.etcd0_ip": "10.43.0.10",
                            "vars.etcd1_dns": "ip-10-43-0-11.ec2.internal",
                            "vars.etcd1_ip": "10.43.0.11",
                            "vars.etcd2_dns": "ip-10-43-0-12.ec2.internal",
                            "vars.etcd2_ip": "10.43.0.12",
                            "vars.kubernetes_api_elb_dns_name": "kubernetes-1992796151.us-east-1.elb.amazonaws.com",
                            "vars.kubernetes_cluster_dns": "10.31.0.1",
                            "vars.worker0_dns": "ip-10-43-0-30.ec2.internal",
                            "vars.worker0_ip": "10.43.0.30",
                            "vars.worker1_dns": "ip-10-43-0-31.ec2.internal",
                            "vars.worker1_ip": "10.43.0.31",
                            "vars.worker2_dns": "ip-10-43-0-32.ec2.internal",
                            "vars.worker2_ip": "10.43.0.32"
                        },
                        "meta": {},
                        "tainted": false
                    },
                    "deposed": [],
                    "provider": "provider.template"
                },
                "data.template_file.ssh_cfg": {
                    "type": "template_file",
                    "depends_on": [
                        "aws_instance.controller",
                        "aws_instance.controller.1",
                        "aws_instance.controller.2",
                        "aws_instance.etcd",
                        "aws_instance.etcd.1",
                        "aws_instance.etcd.2",
                        "aws_instance.worker",
                        "aws_instance.worker.1",
                        "aws_instance.worker.2"
                    ],
                    "primary": {
                        "id": "6193f7d716fad86ba88f0fcafadb9d5ce8d8c3770bc8bb971d9082e834e735a0",
                        "attributes": {
                            "id": "6193f7d716fad86ba88f0fcafadb9d5ce8d8c3770bc8bb971d9082e834e735a0",
                            "rendered": "Host etcd0\n  Hostname 52.205.252.21\n  User ubuntu\n  UserKnownHostsFile=/dev/null\n  StrictHostKeyChecking=no\n\nHost etcd1\n  Hostname 3.83.39.167\n  User ubuntu\n  UserKnownHostsFile=/dev/null\n  StrictHostKeyChecking=no\n\nHost etcd2\n  Hostname 3.86.60.156\n  User ubuntu\n  UserKnownHostsFile=/dev/null\n  StrictHostKeyChecking=no\n\nHost controller0\n  Hostname 3.86.58.68\n  User ubuntu\n  UserKnownHostsFile=/dev/null\n  StrictHostKeyChecking=no\n\nHost controller1\n  Hostname 52.55.10.244\n  User ubuntu\n  UserKnownHostsFile=/dev/null\n  StrictHostKeyChecking=no\n\nHost controller2\n  Hostname 3.85.102.79\n  User ubuntu\n  UserKnownHostsFile=/dev/null\n  StrictHostKeyChecking=no\n\nHost worker0\n  Hostname 3.85.50.113\n  User ubuntu\n  UserKnownHostsFile=/dev/null\n  StrictHostKeyChecking=no\n\nHost worker1\n  Hostname 3.82.210.64\n  User ubuntu\n  UserKnownHostsFile=/dev/null\n  StrictHostKeyChecking=no\n\nHost worker2\n  Hostname 3.84.103.89\n  User ubuntu\n  UserKnownHostsFile=/dev/null\n  StrictHostKeyChecking=no\n",
                            "template": "Host etcd0\n  Hostname ${etcd0_ip}\n  User ${user}\n  UserKnownHostsFile=/dev/null\n  StrictHostKeyChecking=no\n\nHost etcd1\n  Hostname ${etcd1_ip}\n  User ${user}\n  UserKnownHostsFile=/dev/null\n  StrictHostKeyChecking=no\n\nHost etcd2\n  Hostname ${etcd2_ip}\n  User ${user}\n  UserKnownHostsFile=/dev/null\n  StrictHostKeyChecking=no\n\nHost controller0\n  Hostname ${controller0_ip}\n  User ${user}\n  UserKnownHostsFile=/dev/null\n  StrictHostKeyChecking=no\n\nHost controller1\n  Hostname ${controller1_ip}\n  User ${user}\n  UserKnownHostsFile=/dev/null\n  StrictHostKeyChecking=no\n\nHost controller2\n  Hostname ${controller2_ip}\n  User ${user}\n  UserKnownHostsFile=/dev/null\n  StrictHostKeyChecking=no\n\nHost worker0\n  Hostname ${worker0_ip}\n  User ${user}\n  UserKnownHostsFile=/dev/null\n  StrictHostKeyChecking=no\n\nHost worker1\n  Hostname ${worker1_ip}\n  User ${user}\n  UserKnownHostsFile=/dev/null\n  StrictHostKeyChecking=no\n\nHost worker2\n  Hostname ${worker2_ip}\n  User ${user}\n  UserKnownHostsFile=/dev/null\n  StrictHostKeyChecking=no\n",
                            "vars.%": "10",
                            "vars.controller0_ip": "3.86.58.68",
                            "vars.controller1_ip": "52.55.10.244",
                            "vars.controller2_ip": "3.85.102.79",
                            "vars.etcd0_ip": "52.205.252.21",
                            "vars.etcd1_ip": "3.83.39.167",
                            "vars.etcd2_ip": "3.86.60.156",
                            "vars.user": "ubuntu",
                            "vars.worker0_ip": "3.85.50.113",
                            "vars.worker1_ip": "3.82.210.64",
                            "vars.worker2_ip": "3.84.103.89"
                        },
                        "meta": {},
                        "tainted": false
                    },
                    "deposed": [],
                    "provider": "provider.template"
                },
                "null_resource.certificates": {
                    "type": "null_resource",
                    "depends_on": [
                        "data.template_file.certificates"
                    ],
                    "primary": {
                        "id": "569420000762296701",
                        "attributes": {
                            "id": "569420000762296701",
                            "triggers.%": "1",
                            "triggers.template_rendered": "{\n  \"CN\": \"kubernetes\",\n  \"hosts\": [\n    \"worker0\",\n    \"worker1\",\n    \"worker2\",\n    \"10.31.0.1\",\n    \"10.43.0.20\",\n    \"10.43.0.21\",\n    \"10.43.0.22\",\n    \"10.43.0.10\",\n    \"10.43.0.11\",\n    \"10.43.0.12\",\n    \"10.43.0.30\",\n    \"10.43.0.31\",\n    \"10.43.0.32\",\n    \"ip-10-43-0-20.ec2.internal\",\n    \"ip-10-43-0-21.ec2.internal\",\n    \"ip-10-43-0-22.ec2.internal\",\n    \"ip-10-43-0-10.ec2.internal\",\n    \"ip-10-43-0-11.ec2.internal\",\n    \"ip-10-43-0-12.ec2.internal\",\n    \"ip-10-43-0-30.ec2.internal\",\n    \"ip-10-43-0-31.ec2.internal\",\n    \"ip-10-43-0-32.ec2.internal\",\n    \"kubernetes-1992796151.us-east-1.elb.amazonaws.com\",\n    \"127.0.0.1\"\n  ],\n  \"key\": {\n    \"algo\": \"rsa\",\n    \"size\": 2048\n  },\n  \"names\": [\n    {\n      \"C\": \"UK\",\n      \"L\": \"London\",\n      \"O\": \"SmartyDreams\",\n      \"OU\": \"Cluster\"\n    }\n  ]\n}\n"
                        },
                        "meta": {},
                        "tainted": false
                    },
                    "deposed": [],
                    "provider": "provider.null"
                },
                "null_resource.ssh_cfg": {
                    "type": "null_resource",
                    "depends_on": [
                        "data.template_file.ssh_cfg"
                    ],
                    "primary": {
                        "id": "3081039351679902489",
                        "attributes": {
                            "id": "3081039351679902489",
                            "triggers.%": "1",
                            "triggers.template_rendered": "Host etcd0\n  Hostname 52.205.252.21\n  User ubuntu\n  UserKnownHostsFile=/dev/null\n  StrictHostKeyChecking=no\n\nHost etcd1\n  Hostname 3.83.39.167\n  User ubuntu\n  UserKnownHostsFile=/dev/null\n  StrictHostKeyChecking=no\n\nHost etcd2\n  Hostname 3.86.60.156\n  User ubuntu\n  UserKnownHostsFile=/dev/null\n  StrictHostKeyChecking=no\n\nHost controller0\n  Hostname 3.86.58.68\n  User ubuntu\n  UserKnownHostsFile=/dev/null\n  StrictHostKeyChecking=no\n\nHost controller1\n  Hostname 52.55.10.244\n  User ubuntu\n  UserKnownHostsFile=/dev/null\n  StrictHostKeyChecking=no\n\nHost controller2\n  Hostname 3.85.102.79\n  User ubuntu\n  UserKnownHostsFile=/dev/null\n  StrictHostKeyChecking=no\n\nHost worker0\n  Hostname 3.85.50.113\n  User ubuntu\n  UserKnownHostsFile=/dev/null\n  StrictHostKeyChecking=no\n\nHost worker1\n  Hostname 3.82.210.64\n  User ubuntu\n  UserKnownHostsFile=/dev/null\n  StrictHostKeyChecking=no\n\nHost worker2\n  Hostname 3.84.103.89\n  User ubuntu\n  UserKnownHostsFile=/dev/null\n  StrictHostKeyChecking=no\n"
                        },
                        "meta": {},
                        "tainted": false
                    },
                    "deposed": [],
                    "provider": "provider.null"
                }
            },
            "depends_on": []
        }
    ]
}
