{
    "version": 3,
    "terraform_version": "0.11.11",
    "serial": 26,
    "lineage": "1bfae56f-d5e6-b1f4-55f8-42646fa3c13d",
    "modules": [
        {
            "path": [
                "root"
            ],
            "outputs": {
                "aws_elb_api_fqdn": {
                    "sensitive": false,
                    "type": "string",
                    "value": "kafka-elb-SmartBroker-2084196873.us-east-1.elb.amazonaws.com:6443"
                },
                "bastion_ip": {
                    "sensitive": false,
                    "type": "string",
                    "value": "34.235.120.174"
                },
                "default_tags": {
                    "sensitive": false,
                    "type": "map",
                    "value": {}
                },
                "inventory": {
                    "sensitive": false,
                    "type": "string",
                    "value": "[all]\nkafka-SmartBroker-master0 ansible_host=18.232.160.95\nkafka-SmartBroker-master1 ansible_host=3.80.159.75\nkafka-SmartBroker-master2 ansible_host=54.91.73.53\nbastion ansible_host=34.235.120.174\n\n[bastion]\nbastion ansible_host=34.235.120.174\n\n[kube-master]\nkafka-SmartBroker-master0\nkafka-SmartBroker-master1\nkafka-SmartBroker-master2\n\n[k8s-cluster:children]\nkube-master\n\n[k8s-cluster:vars]\napiserver_loadbalancer_domain_name=\"kafka-elb-SmartBroker-2084196873.us-east-1.elb.amazonaws.com\"\n"
                },
                "masters": {
                    "sensitive": false,
                    "type": "string",
                    "value": "10.250.238.225\n10.250.248.185\n10.250.228.212"
                }
            },
            "resources": {
                "aws_elb_attachment.attach_master_nodes.0": {
                    "type": "aws_elb_attachment",
                    "depends_on": [
                        "aws_instance.k8s-master.*",
                        "module.aws-elb"
                    ],
                    "primary": {
                        "id": "kafka-elb-SmartBroker-20190104071519155000000002",
                        "attributes": {
                            "elb": "kafka-elb-SmartBroker",
                            "id": "kafka-elb-SmartBroker-20190104071519155000000002",
                            "instance": "i-0b3c5504b949bc6cb"
                        },
                        "meta": {},
                        "tainted": false
                    },
                    "deposed": [],
                    "provider": "provider.aws"
                },
                "aws_elb_attachment.attach_master_nodes.1": {
                    "type": "aws_elb_attachment",
                    "depends_on": [
                        "aws_instance.k8s-master.*",
                        "module.aws-elb"
                    ],
                    "primary": {
                        "id": "kafka-elb-SmartBroker-20190104071519138900000001",
                        "attributes": {
                            "elb": "kafka-elb-SmartBroker",
                            "id": "kafka-elb-SmartBroker-20190104071519138900000001",
                            "instance": "i-0d221b16a8e3f7520"
                        },
                        "meta": {},
                        "tainted": false
                    },
                    "deposed": [],
                    "provider": "provider.aws"
                },
                "aws_elb_attachment.attach_master_nodes.2": {
                    "type": "aws_elb_attachment",
                    "depends_on": [
                        "aws_instance.k8s-master.*",
                        "module.aws-elb"
                    ],
                    "primary": {
                        "id": "kafka-elb-SmartBroker-20190104071519176000000003",
                        "attributes": {
                            "elb": "kafka-elb-SmartBroker",
                            "id": "kafka-elb-SmartBroker-20190104071519176000000003",
                            "instance": "i-00b64288e16c78055"
                        },
                        "meta": {},
                        "tainted": false
                    },
                    "deposed": [],
                    "provider": "provider.aws"
                },
                "aws_instance.bastion-server": {
                    "type": "aws_instance",
                    "depends_on": [
                        "data.aws_ami.distro",
                        "data.aws_availability_zones.available",
                        "module.aws-vpc"
                    ],
                    "primary": {
                        "id": "i-029d00d2d67b9d4b9",
                        "attributes": {
                            "ami": "ami-2fa2f450",
                            "arn": "arn:aws:ec2:us-east-1:638221891210:instance/i-029d00d2d67b9d4b9",
                            "associate_public_ip_address": "true",
                            "availability_zone": "us-east-1a",
                            "cpu_core_count": "2",
                            "cpu_threads_per_core": "1",
                            "credit_specification.#": "1",
                            "credit_specification.0.cpu_credits": "standard",
                            "disable_api_termination": "false",
                            "ebs_block_device.#": "4",
                            "ebs_block_device.2491691077.delete_on_termination": "true",
                            "ebs_block_device.2491691077.device_name": "/dev/sdg",
                            "ebs_block_device.2491691077.encrypted": "false",
                            "ebs_block_device.2491691077.iops": "150",
                            "ebs_block_device.2491691077.snapshot_id": "snap-077bd6fe576fefb05",
                            "ebs_block_device.2491691077.volume_id": "vol-0c390908e8b0eb292",
                            "ebs_block_device.2491691077.volume_size": "50",
                            "ebs_block_device.2491691077.volume_type": "gp2",
                            "ebs_block_device.2749335295.delete_on_termination": "true",
                            "ebs_block_device.2749335295.device_name": "/dev/sdh",
                            "ebs_block_device.2749335295.encrypted": "false",
                            "ebs_block_device.2749335295.iops": "100",
                            "ebs_block_device.2749335295.snapshot_id": "snap-0421f89b687074100",
                            "ebs_block_device.2749335295.volume_id": "vol-0e3282463c48f91b9",
                            "ebs_block_device.2749335295.volume_size": "20",
                            "ebs_block_device.2749335295.volume_type": "gp2",
                            "ebs_block_device.3780990709.delete_on_termination": "true",
                            "ebs_block_device.3780990709.device_name": "/dev/sde",
                            "ebs_block_device.3780990709.encrypted": "false",
                            "ebs_block_device.3780990709.iops": "150",
                            "ebs_block_device.3780990709.snapshot_id": "snap-0fc5b16aeb3329342",
                            "ebs_block_device.3780990709.volume_id": "vol-05cd0fe87402960db",
                            "ebs_block_device.3780990709.volume_size": "50",
                            "ebs_block_device.3780990709.volume_type": "gp2",
                            "ebs_block_device.3810834989.delete_on_termination": "true",
                            "ebs_block_device.3810834989.device_name": "/dev/sdf",
                            "ebs_block_device.3810834989.encrypted": "false",
                            "ebs_block_device.3810834989.iops": "300",
                            "ebs_block_device.3810834989.snapshot_id": "snap-05a934c0f6c061aa4",
                            "ebs_block_device.3810834989.volume_id": "vol-054902cb2d7d847aa",
                            "ebs_block_device.3810834989.volume_size": "100",
                            "ebs_block_device.3810834989.volume_type": "gp2",
                            "ebs_optimized": "false",
                            "ephemeral_block_device.#": "0",
                            "get_password_data": "false",
                            "iam_instance_profile": "",
                            "id": "i-029d00d2d67b9d4b9",
                            "instance_state": "running",
                            "instance_type": "t2.medium",
                            "ipv6_addresses.#": "0",
                            "key_name": "fastDataPlatform",
                            "monitoring": "false",
                            "network_interface.#": "0",
                            "network_interface_id": "eni-07c1f962ac5742c6e",
                            "password_data": "",
                            "placement_group": "",
                            "primary_network_interface_id": "eni-07c1f962ac5742c6e",
                            "private_dns": "ip-10-250-231-40.ec2.internal",
                            "private_ip": "10.250.231.40",
                            "public_dns": "ec2-34-235-120-174.compute-1.amazonaws.com",
                            "public_ip": "34.235.120.174",
                            "root_block_device.#": "1",
                            "root_block_device.0.delete_on_termination": "true",
                            "root_block_device.0.iops": "100",
                            "root_block_device.0.volume_id": "vol-001f8694c99afd71b",
                            "root_block_device.0.volume_size": "8",
                            "root_block_device.0.volume_type": "gp2",
                            "security_groups.#": "0",
                            "source_dest_check": "true",
                            "subnet_id": "subnet-0256f38945bbf1091",
                            "tags.%": "3",
                            "tags.Cluster": "SmartBroker",
                            "tags.Name": "kafka-SmartBroker-bastion-0",
                            "tags.Role": "bastion-SmartBroker-0",
                            "tenancy": "default",
                            "volume_tags.%": "0",
                            "vpc_security_group_ids.#": "1",
                            "vpc_security_group_ids.3373310651": "sg-00c365a00309011dc"
                        },
                        "meta": {
                            "e2bfb730-ecaa-11e6-8f88-34363bc7c4c0": {
                                "create": 600000000000,
                                "delete": 1200000000000,
                                "update": 600000000000
                            },
                            "schema_version": "1"
                        },
                        "tainted": false
                    },
                    "deposed": [],
                    "provider": "provider.aws"
                },
                "aws_instance.k8s-master.0": {
                    "type": "aws_instance",
                    "depends_on": [
                        "data.aws_ami.distro",
                        "data.aws_availability_zones.available",
                        "module.aws-iam",
                        "module.aws-vpc"
                    ],
                    "primary": {
                        "id": "i-0b3c5504b949bc6cb",
                        "attributes": {
                            "ami": "ami-2fa2f450",
                            "arn": "arn:aws:ec2:us-east-1:638221891210:instance/i-0b3c5504b949bc6cb",
                            "associate_public_ip_address": "true",
                            "availability_zone": "us-east-1a",
                            "cpu_core_count": "2",
                            "cpu_threads_per_core": "1",
                            "credit_specification.#": "1",
                            "credit_specification.0.cpu_credits": "standard",
                            "disable_api_termination": "false",
                            "ebs_block_device.#": "4",
                            "ebs_block_device.2491691077.delete_on_termination": "true",
                            "ebs_block_device.2491691077.device_name": "/dev/sdg",
                            "ebs_block_device.2491691077.encrypted": "false",
                            "ebs_block_device.2491691077.iops": "150",
                            "ebs_block_device.2491691077.snapshot_id": "snap-077bd6fe576fefb05",
                            "ebs_block_device.2491691077.volume_id": "vol-0d125b6249c4ceaeb",
                            "ebs_block_device.2491691077.volume_size": "50",
                            "ebs_block_device.2491691077.volume_type": "gp2",
                            "ebs_block_device.2749335295.delete_on_termination": "true",
                            "ebs_block_device.2749335295.device_name": "/dev/sdh",
                            "ebs_block_device.2749335295.encrypted": "false",
                            "ebs_block_device.2749335295.iops": "100",
                            "ebs_block_device.2749335295.snapshot_id": "snap-0421f89b687074100",
                            "ebs_block_device.2749335295.volume_id": "vol-0581109ddbc9341f8",
                            "ebs_block_device.2749335295.volume_size": "20",
                            "ebs_block_device.2749335295.volume_type": "gp2",
                            "ebs_block_device.3780990709.delete_on_termination": "true",
                            "ebs_block_device.3780990709.device_name": "/dev/sde",
                            "ebs_block_device.3780990709.encrypted": "false",
                            "ebs_block_device.3780990709.iops": "150",
                            "ebs_block_device.3780990709.snapshot_id": "snap-0fc5b16aeb3329342",
                            "ebs_block_device.3780990709.volume_id": "vol-0983775f277735832",
                            "ebs_block_device.3780990709.volume_size": "50",
                            "ebs_block_device.3780990709.volume_type": "gp2",
                            "ebs_block_device.3810834989.delete_on_termination": "true",
                            "ebs_block_device.3810834989.device_name": "/dev/sdf",
                            "ebs_block_device.3810834989.encrypted": "false",
                            "ebs_block_device.3810834989.iops": "300",
                            "ebs_block_device.3810834989.snapshot_id": "snap-05a934c0f6c061aa4",
                            "ebs_block_device.3810834989.volume_id": "vol-02faf5944e38e93fd",
                            "ebs_block_device.3810834989.volume_size": "100",
                            "ebs_block_device.3810834989.volume_type": "gp2",
                            "ebs_optimized": "false",
                            "ephemeral_block_device.#": "0",
                            "get_password_data": "false",
                            "iam_instance_profile": "kube_SmartBroker_master_profile",
                            "id": "i-0b3c5504b949bc6cb",
                            "instance_state": "running",
                            "instance_type": "t2.medium",
                            "ipv6_addresses.#": "0",
                            "key_name": "fastDataPlatform",
                            "monitoring": "false",
                            "network_interface.#": "0",
                            "network_interface_id": "eni-060571d43a843c394",
                            "password_data": "",
                            "placement_group": "",
                            "primary_network_interface_id": "eni-060571d43a843c394",
                            "private_dns": "ip-10-250-238-225.ec2.internal",
                            "private_ip": "10.250.238.225",
                            "public_dns": "ec2-18-232-160-95.compute-1.amazonaws.com",
                            "public_ip": "18.232.160.95",
                            "root_block_device.#": "1",
                            "root_block_device.0.delete_on_termination": "true",
                            "root_block_device.0.iops": "100",
                            "root_block_device.0.volume_id": "vol-03121e37e2e7ec2ef",
                            "root_block_device.0.volume_size": "8",
                            "root_block_device.0.volume_type": "gp2",
                            "security_groups.#": "0",
                            "source_dest_check": "true",
                            "subnet_id": "subnet-0256f38945bbf1091",
                            "tags.%": "3",
                            "tags.Name": "kafka-SmartBroker-master0",
                            "tags.Role": "master",
                            "tags.kafka.io/cluster/SmartBroker": "member",
                            "tenancy": "default",
                            "volume_tags.%": "0",
                            "vpc_security_group_ids.#": "1",
                            "vpc_security_group_ids.3373310651": "sg-00c365a00309011dc"
                        },
                        "meta": {
                            "e2bfb730-ecaa-11e6-8f88-34363bc7c4c0": {
                                "create": 600000000000,
                                "delete": 1200000000000,
                                "update": 600000000000
                            },
                            "schema_version": "1"
                        },
                        "tainted": false
                    },
                    "deposed": [],
                    "provider": "provider.aws"
                },
                "aws_instance.k8s-master.1": {
                    "type": "aws_instance",
                    "depends_on": [
                        "data.aws_ami.distro",
                        "data.aws_availability_zones.available",
                        "module.aws-iam",
                        "module.aws-vpc"
                    ],
                    "primary": {
                        "id": "i-0d221b16a8e3f7520",
                        "attributes": {
                            "ami": "ami-2fa2f450",
                            "arn": "arn:aws:ec2:us-east-1:638221891210:instance/i-0d221b16a8e3f7520",
                            "associate_public_ip_address": "true",
                            "availability_zone": "us-east-1b",
                            "cpu_core_count": "2",
                            "cpu_threads_per_core": "1",
                            "credit_specification.#": "1",
                            "credit_specification.0.cpu_credits": "standard",
                            "disable_api_termination": "false",
                            "ebs_block_device.#": "4",
                            "ebs_block_device.2491691077.delete_on_termination": "true",
                            "ebs_block_device.2491691077.device_name": "/dev/sdg",
                            "ebs_block_device.2491691077.encrypted": "false",
                            "ebs_block_device.2491691077.iops": "150",
                            "ebs_block_device.2491691077.snapshot_id": "snap-077bd6fe576fefb05",
                            "ebs_block_device.2491691077.volume_id": "vol-06a638312cc00ba40",
                            "ebs_block_device.2491691077.volume_size": "50",
                            "ebs_block_device.2491691077.volume_type": "gp2",
                            "ebs_block_device.2749335295.delete_on_termination": "true",
                            "ebs_block_device.2749335295.device_name": "/dev/sdh",
                            "ebs_block_device.2749335295.encrypted": "false",
                            "ebs_block_device.2749335295.iops": "100",
                            "ebs_block_device.2749335295.snapshot_id": "snap-0421f89b687074100",
                            "ebs_block_device.2749335295.volume_id": "vol-0f29bf8f71370ca58",
                            "ebs_block_device.2749335295.volume_size": "20",
                            "ebs_block_device.2749335295.volume_type": "gp2",
                            "ebs_block_device.3780990709.delete_on_termination": "true",
                            "ebs_block_device.3780990709.device_name": "/dev/sde",
                            "ebs_block_device.3780990709.encrypted": "false",
                            "ebs_block_device.3780990709.iops": "150",
                            "ebs_block_device.3780990709.snapshot_id": "snap-0fc5b16aeb3329342",
                            "ebs_block_device.3780990709.volume_id": "vol-04294ed1878078b71",
                            "ebs_block_device.3780990709.volume_size": "50",
                            "ebs_block_device.3780990709.volume_type": "gp2",
                            "ebs_block_device.3810834989.delete_on_termination": "true",
                            "ebs_block_device.3810834989.device_name": "/dev/sdf",
                            "ebs_block_device.3810834989.encrypted": "false",
                            "ebs_block_device.3810834989.iops": "300",
                            "ebs_block_device.3810834989.snapshot_id": "snap-05a934c0f6c061aa4",
                            "ebs_block_device.3810834989.volume_id": "vol-070447b91be219780",
                            "ebs_block_device.3810834989.volume_size": "100",
                            "ebs_block_device.3810834989.volume_type": "gp2",
                            "ebs_optimized": "false",
                            "ephemeral_block_device.#": "0",
                            "get_password_data": "false",
                            "iam_instance_profile": "kube_SmartBroker_master_profile",
                            "id": "i-0d221b16a8e3f7520",
                            "instance_state": "running",
                            "instance_type": "t2.medium",
                            "ipv6_addresses.#": "0",
                            "key_name": "fastDataPlatform",
                            "monitoring": "false",
                            "network_interface.#": "0",
                            "network_interface_id": "eni-04c8a2a464058ead5",
                            "password_data": "",
                            "placement_group": "",
                            "primary_network_interface_id": "eni-04c8a2a464058ead5",
                            "private_dns": "ip-10-250-248-185.ec2.internal",
                            "private_ip": "10.250.248.185",
                            "public_dns": "ec2-3-80-159-75.compute-1.amazonaws.com",
                            "public_ip": "3.80.159.75",
                            "root_block_device.#": "1",
                            "root_block_device.0.delete_on_termination": "true",
                            "root_block_device.0.iops": "100",
                            "root_block_device.0.volume_id": "vol-038b16de4faab6fff",
                            "root_block_device.0.volume_size": "8",
                            "root_block_device.0.volume_type": "gp2",
                            "security_groups.#": "0",
                            "source_dest_check": "true",
                            "subnet_id": "subnet-0e4b07ec354118a13",
                            "tags.%": "3",
                            "tags.Name": "kafka-SmartBroker-master1",
                            "tags.Role": "master",
                            "tags.kafka.io/cluster/SmartBroker": "member",
                            "tenancy": "default",
                            "volume_tags.%": "0",
                            "vpc_security_group_ids.#": "1",
                            "vpc_security_group_ids.3373310651": "sg-00c365a00309011dc"
                        },
                        "meta": {
                            "e2bfb730-ecaa-11e6-8f88-34363bc7c4c0": {
                                "create": 600000000000,
                                "delete": 1200000000000,
                                "update": 600000000000
                            },
                            "schema_version": "1"
                        },
                        "tainted": false
                    },
                    "deposed": [],
                    "provider": "provider.aws"
                },
                "aws_instance.k8s-master.2": {
                    "type": "aws_instance",
                    "depends_on": [
                        "data.aws_ami.distro",
                        "data.aws_availability_zones.available",
                        "module.aws-iam",
                        "module.aws-vpc"
                    ],
                    "primary": {
                        "id": "i-00b64288e16c78055",
                        "attributes": {
                            "ami": "ami-2fa2f450",
                            "arn": "arn:aws:ec2:us-east-1:638221891210:instance/i-00b64288e16c78055",
                            "associate_public_ip_address": "true",
                            "availability_zone": "us-east-1a",
                            "cpu_core_count": "2",
                            "cpu_threads_per_core": "1",
                            "credit_specification.#": "1",
                            "credit_specification.0.cpu_credits": "standard",
                            "disable_api_termination": "false",
                            "ebs_block_device.#": "4",
                            "ebs_block_device.2491691077.delete_on_termination": "true",
                            "ebs_block_device.2491691077.device_name": "/dev/sdg",
                            "ebs_block_device.2491691077.encrypted": "false",
                            "ebs_block_device.2491691077.iops": "150",
                            "ebs_block_device.2491691077.snapshot_id": "snap-077bd6fe576fefb05",
                            "ebs_block_device.2491691077.volume_id": "vol-03a031dfef5f14f80",
                            "ebs_block_device.2491691077.volume_size": "50",
                            "ebs_block_device.2491691077.volume_type": "gp2",
                            "ebs_block_device.2749335295.delete_on_termination": "true",
                            "ebs_block_device.2749335295.device_name": "/dev/sdh",
                            "ebs_block_device.2749335295.encrypted": "false",
                            "ebs_block_device.2749335295.iops": "100",
                            "ebs_block_device.2749335295.snapshot_id": "snap-0421f89b687074100",
                            "ebs_block_device.2749335295.volume_id": "vol-00a91130ddaa722c1",
                            "ebs_block_device.2749335295.volume_size": "20",
                            "ebs_block_device.2749335295.volume_type": "gp2",
                            "ebs_block_device.3780990709.delete_on_termination": "true",
                            "ebs_block_device.3780990709.device_name": "/dev/sde",
                            "ebs_block_device.3780990709.encrypted": "false",
                            "ebs_block_device.3780990709.iops": "150",
                            "ebs_block_device.3780990709.snapshot_id": "snap-0fc5b16aeb3329342",
                            "ebs_block_device.3780990709.volume_id": "vol-0d901b4c576cc4612",
                            "ebs_block_device.3780990709.volume_size": "50",
                            "ebs_block_device.3780990709.volume_type": "gp2",
                            "ebs_block_device.3810834989.delete_on_termination": "true",
                            "ebs_block_device.3810834989.device_name": "/dev/sdf",
                            "ebs_block_device.3810834989.encrypted": "false",
                            "ebs_block_device.3810834989.iops": "300",
                            "ebs_block_device.3810834989.snapshot_id": "snap-05a934c0f6c061aa4",
                            "ebs_block_device.3810834989.volume_id": "vol-0caa4811345583406",
                            "ebs_block_device.3810834989.volume_size": "100",
                            "ebs_block_device.3810834989.volume_type": "gp2",
                            "ebs_optimized": "false",
                            "ephemeral_block_device.#": "0",
                            "get_password_data": "false",
                            "iam_instance_profile": "kube_SmartBroker_master_profile",
                            "id": "i-00b64288e16c78055",
                            "instance_state": "running",
                            "instance_type": "t2.medium",
                            "ipv6_addresses.#": "0",
                            "key_name": "fastDataPlatform",
                            "monitoring": "false",
                            "network_interface.#": "0",
                            "network_interface_id": "eni-0bf7c56ae2ef54430",
                            "password_data": "",
                            "placement_group": "",
                            "primary_network_interface_id": "eni-0bf7c56ae2ef54430",
                            "private_dns": "ip-10-250-228-212.ec2.internal",
                            "private_ip": "10.250.228.212",
                            "public_dns": "ec2-54-91-73-53.compute-1.amazonaws.com",
                            "public_ip": "54.91.73.53",
                            "root_block_device.#": "1",
                            "root_block_device.0.delete_on_termination": "true",
                            "root_block_device.0.iops": "100",
                            "root_block_device.0.volume_id": "vol-08bd21706e4809281",
                            "root_block_device.0.volume_size": "8",
                            "root_block_device.0.volume_type": "gp2",
                            "security_groups.#": "0",
                            "source_dest_check": "true",
                            "subnet_id": "subnet-0256f38945bbf1091",
                            "tags.%": "3",
                            "tags.Name": "kafka-SmartBroker-master2",
                            "tags.Role": "master",
                            "tags.kafka.io/cluster/SmartBroker": "member",
                            "tenancy": "default",
                            "volume_tags.%": "0",
                            "vpc_security_group_ids.#": "1",
                            "vpc_security_group_ids.3373310651": "sg-00c365a00309011dc"
                        },
                        "meta": {
                            "e2bfb730-ecaa-11e6-8f88-34363bc7c4c0": {
                                "create": 600000000000,
                                "delete": 1200000000000,
                                "update": 600000000000
                            },
                            "schema_version": "1"
                        },
                        "tainted": false
                    },
                    "deposed": [],
                    "provider": "provider.aws"
                },
                "data.aws_ami.distro": {
                    "type": "aws_ami",
                    "depends_on": [],
                    "primary": {
                        "id": "ami-2fa2f450",
                        "attributes": {
                            "architecture": "x86_64",
                            "block_device_mappings.#": "5",
                            "block_device_mappings.1298667908.device_name": "/dev/sdh",
                            "block_device_mappings.1298667908.ebs.%": "6",
                            "block_device_mappings.1298667908.ebs.delete_on_termination": "true",
                            "block_device_mappings.1298667908.ebs.encrypted": "false",
                            "block_device_mappings.1298667908.ebs.iops": "0",
                            "block_device_mappings.1298667908.ebs.snapshot_id": "snap-0421f89b687074100",
                            "block_device_mappings.1298667908.ebs.volume_size": "20",
                            "block_device_mappings.1298667908.ebs.volume_type": "gp2",
                            "block_device_mappings.1298667908.no_device": "",
                            "block_device_mappings.1298667908.virtual_name": "",
                            "block_device_mappings.2547816212.device_name": "/dev/sda1",
                            "block_device_mappings.2547816212.ebs.%": "6",
                            "block_device_mappings.2547816212.ebs.delete_on_termination": "true",
                            "block_device_mappings.2547816212.ebs.encrypted": "false",
                            "block_device_mappings.2547816212.ebs.iops": "0",
                            "block_device_mappings.2547816212.ebs.snapshot_id": "snap-0af7c2e94bbdb1025",
                            "block_device_mappings.2547816212.ebs.volume_size": "8",
                            "block_device_mappings.2547816212.ebs.volume_type": "gp2",
                            "block_device_mappings.2547816212.no_device": "",
                            "block_device_mappings.2547816212.virtual_name": "",
                            "block_device_mappings.321368971.device_name": "/dev/sde",
                            "block_device_mappings.321368971.ebs.%": "6",
                            "block_device_mappings.321368971.ebs.delete_on_termination": "true",
                            "block_device_mappings.321368971.ebs.encrypted": "false",
                            "block_device_mappings.321368971.ebs.iops": "0",
                            "block_device_mappings.321368971.ebs.snapshot_id": "snap-0fc5b16aeb3329342",
                            "block_device_mappings.321368971.ebs.volume_size": "50",
                            "block_device_mappings.321368971.ebs.volume_type": "gp2",
                            "block_device_mappings.321368971.no_device": "",
                            "block_device_mappings.321368971.virtual_name": "",
                            "block_device_mappings.3390865284.device_name": "/dev/sdg",
                            "block_device_mappings.3390865284.ebs.%": "6",
                            "block_device_mappings.3390865284.ebs.delete_on_termination": "true",
                            "block_device_mappings.3390865284.ebs.encrypted": "false",
                            "block_device_mappings.3390865284.ebs.iops": "0",
                            "block_device_mappings.3390865284.ebs.snapshot_id": "snap-077bd6fe576fefb05",
                            "block_device_mappings.3390865284.ebs.volume_size": "50",
                            "block_device_mappings.3390865284.ebs.volume_type": "gp2",
                            "block_device_mappings.3390865284.no_device": "",
                            "block_device_mappings.3390865284.virtual_name": "",
                            "block_device_mappings.3808274628.device_name": "/dev/sdf",
                            "block_device_mappings.3808274628.ebs.%": "6",
                            "block_device_mappings.3808274628.ebs.delete_on_termination": "true",
                            "block_device_mappings.3808274628.ebs.encrypted": "false",
                            "block_device_mappings.3808274628.ebs.iops": "0",
                            "block_device_mappings.3808274628.ebs.snapshot_id": "snap-05a934c0f6c061aa4",
                            "block_device_mappings.3808274628.ebs.volume_size": "100",
                            "block_device_mappings.3808274628.ebs.volume_type": "gp2",
                            "block_device_mappings.3808274628.no_device": "",
                            "block_device_mappings.3808274628.virtual_name": "",
                            "creation_date": "2018-06-22T16:22:50.000Z",
                            "description": "DC/OS Cloud Image for CentOS 7",
                            "filter.#": "2",
                            "filter.1683013990.name": "name",
                            "filter.1683013990.values.#": "1",
                            "filter.1683013990.values.0": "dcos-centos7-*",
                            "filter.490168357.name": "virtualization-type",
                            "filter.490168357.values.#": "1",
                            "filter.490168357.values.0": "hvm",
                            "hypervisor": "xen",
                            "id": "ami-2fa2f450",
                            "image_id": "ami-2fa2f450",
                            "image_location": "688023202711/dcos-centos7-201806221616",
                            "image_type": "machine",
                            "most_recent": "true",
                            "name": "dcos-centos7-201806221616",
                            "owner_id": "688023202711",
                            "owners.#": "1",
                            "owners.0": "688023202711",
                            "product_codes.#": "0",
                            "public": "true",
                            "root_device_name": "/dev/sda1",
                            "root_device_type": "ebs",
                            "root_snapshot_id": "snap-0af7c2e94bbdb1025",
                            "sriov_net_support": "simple",
                            "state": "available",
                            "state_reason.%": "2",
                            "state_reason.code": "UNSET",
                            "state_reason.message": "UNSET",
                            "tags.%": "0",
                            "virtualization_type": "hvm"
                        },
                        "meta": {},
                        "tainted": false
                    },
                    "deposed": [],
                    "provider": "provider.aws"
                },
                "data.aws_availability_zones.available": {
                    "type": "aws_availability_zones",
                    "depends_on": [],
                    "primary": {
                        "id": "2019-01-04 07:13:57.818700902 +0000 UTC",
                        "attributes": {
                            "id": "2019-01-04 07:13:57.818700902 +0000 UTC",
                            "names.#": "6",
                            "names.0": "us-east-1a",
                            "names.1": "us-east-1b",
                            "names.2": "us-east-1c",
                            "names.3": "us-east-1d",
                            "names.4": "us-east-1e",
                            "names.5": "us-east-1f",
                            "zone_ids.#": "6",
                            "zone_ids.0": "use1-az6",
                            "zone_ids.1": "use1-az1",
                            "zone_ids.2": "use1-az2",
                            "zone_ids.3": "use1-az4",
                            "zone_ids.4": "use1-az3",
                            "zone_ids.5": "use1-az5"
                        },
                        "meta": {},
                        "tainted": false
                    },
                    "deposed": [],
                    "provider": "provider.aws"
                },
                "data.template_file.inventory": {
                    "type": "template_file",
                    "depends_on": [
                        "aws_instance.bastion-server.*",
                        "aws_instance.k8s-master.*",
                        "module.aws-elb"
                    ],
                    "primary": {
                        "id": "2db723fa3c08222d84fe2db791c5b212f982dec2f1ba1bf1943ad5dbf00c1518",
                        "attributes": {
                            "id": "2db723fa3c08222d84fe2db791c5b212f982dec2f1ba1bf1943ad5dbf00c1518",
                            "rendered": "[all]\nkafka-SmartBroker-master0 ansible_host=18.232.160.95\nkafka-SmartBroker-master1 ansible_host=3.80.159.75\nkafka-SmartBroker-master2 ansible_host=54.91.73.53\nbastion ansible_host=34.235.120.174\n\n[bastion]\nbastion ansible_host=34.235.120.174\n\n[kube-master]\nkafka-SmartBroker-master0\nkafka-SmartBroker-master1\nkafka-SmartBroker-master2\n\n[k8s-cluster:children]\nkube-master\n\n[k8s-cluster:vars]\napiserver_loadbalancer_domain_name=\"kafka-elb-SmartBroker-2084196873.us-east-1.elb.amazonaws.com\"\n",
                            "template": "[all]\n${connection_strings_master}\n${public_ip_address_bastion}\n\n[bastion]\n${public_ip_address_bastion}\n\n[kube-master]\n${list_master}\n\n[k8s-cluster:children]\nkube-master\n\n[k8s-cluster:vars]\n${elb_api_fqdn}\n",
                            "vars.%": "4",
                            "vars.connection_strings_master": "kafka-SmartBroker-master0 ansible_host=18.232.160.95\nkafka-SmartBroker-master1 ansible_host=3.80.159.75\nkafka-SmartBroker-master2 ansible_host=54.91.73.53",
                            "vars.elb_api_fqdn": "apiserver_loadbalancer_domain_name=\"kafka-elb-SmartBroker-2084196873.us-east-1.elb.amazonaws.com\"",
                            "vars.list_master": "kafka-SmartBroker-master0\nkafka-SmartBroker-master1\nkafka-SmartBroker-master2",
                            "vars.public_ip_address_bastion": "bastion ansible_host=34.235.120.174"
                        },
                        "meta": {},
                        "tainted": false
                    },
                    "deposed": [],
                    "provider": "provider.template"
                },
                "null_resource.inventories": {
                    "type": "null_resource",
                    "depends_on": [
                        "data.template_file.inventory"
                    ],
                    "primary": {
                        "id": "5854770827406258349",
                        "attributes": {
                            "id": "5854770827406258349",
                            "triggers.%": "1",
                            "triggers.template": "[all]\nkafka-SmartBroker-master0 ansible_host=18.232.160.95\nkafka-SmartBroker-master1 ansible_host=3.80.159.75\nkafka-SmartBroker-master2 ansible_host=54.91.73.53\nbastion ansible_host=34.235.120.174\n\n[bastion]\nbastion ansible_host=34.235.120.174\n\n[kube-master]\nkafka-SmartBroker-master0\nkafka-SmartBroker-master1\nkafka-SmartBroker-master2\n\n[k8s-cluster:children]\nkube-master\n\n[k8s-cluster:vars]\napiserver_loadbalancer_domain_name=\"kafka-elb-SmartBroker-2084196873.us-east-1.elb.amazonaws.com\"\n"
                        },
                        "meta": {},
                        "tainted": false
                    },
                    "deposed": [],
                    "provider": "provider.null"
                }
            },
            "depends_on": []
        },
        {
            "path": [
                "root",
                "aws-elb"
            ],
            "outputs": {
                "aws_elb_api_fqdn": {
                    "sensitive": false,
                    "type": "string",
                    "value": "kafka-elb-SmartBroker-2084196873.us-east-1.elb.amazonaws.com"
                },
                "aws_elb_api_id": {
                    "sensitive": false,
                    "type": "string",
                    "value": "kafka-elb-SmartBroker"
                }
            },
            "resources": {
                "aws_elb.aws-elb-api": {
                    "type": "aws_elb",
                    "depends_on": [
                        "aws_security_group.aws-elb"
                    ],
                    "primary": {
                        "id": "kafka-elb-SmartBroker",
                        "attributes": {
                            "access_logs.#": "0",
                            "arn": "arn:aws:elasticloadbalancing:us-east-1:638221891210:loadbalancer/kafka-elb-SmartBroker",
                            "availability_zones.#": "2",
                            "availability_zones.1305112097": "us-east-1b",
                            "availability_zones.3569565595": "us-east-1a",
                            "connection_draining": "true",
                            "connection_draining_timeout": "400",
                            "cross_zone_load_balancing": "true",
                            "dns_name": "kafka-elb-SmartBroker-2084196873.us-east-1.elb.amazonaws.com",
                            "health_check.#": "1",
                            "health_check.0.healthy_threshold": "2",
                            "health_check.0.interval": "30",
                            "health_check.0.target": "TCP:6443",
                            "health_check.0.timeout": "3",
                            "health_check.0.unhealthy_threshold": "2",
                            "id": "kafka-elb-SmartBroker",
                            "idle_timeout": "400",
                            "instances.#": "0",
                            "internal": "false",
                            "listener.#": "1",
                            "listener.3838681924.instance_port": "6443",
                            "listener.3838681924.instance_protocol": "tcp",
                            "listener.3838681924.lb_port": "6443",
                            "listener.3838681924.lb_protocol": "tcp",
                            "listener.3838681924.ssl_certificate_id": "",
                            "name": "kafka-elb-SmartBroker",
                            "security_groups.#": "1",
                            "security_groups.612203125": "sg-029bbbc4e728edb3d",
                            "source_security_group": "638221891210/kafka-SmartBroker-securitygroup-elb",
                            "source_security_group_id": "sg-029bbbc4e728edb3d",
                            "subnets.#": "2",
                            "subnets.3436139689": "subnet-0256f38945bbf1091",
                            "subnets.3685389896": "subnet-0e4b07ec354118a13",
                            "tags.%": "1",
                            "tags.Name": "kafka-SmartBroker-elb-api",
                            "zone_id": "Z35SXDOTRQ7X7K"
                        },
                        "meta": {},
                        "tainted": false
                    },
                    "deposed": [],
                    "provider": "provider.aws"
                },
                "aws_security_group.aws-elb": {
                    "type": "aws_security_group",
                    "depends_on": [],
                    "primary": {
                        "id": "sg-029bbbc4e728edb3d",
                        "attributes": {
                            "arn": "arn:aws:ec2:us-east-1:638221891210:security-group/sg-029bbbc4e728edb3d",
                            "description": "Managed by Terraform",
                            "egress.#": "0",
                            "id": "sg-029bbbc4e728edb3d",
                            "ingress.#": "0",
                            "name": "kafka-SmartBroker-securitygroup-elb",
                            "owner_id": "638221891210",
                            "revoke_rules_on_delete": "false",
                            "tags.%": "1",
                            "tags.Name": "kafka-SmartBroker-securitygroup-elb",
                            "vpc_id": "vpc-037729f30d4ab7d44"
                        },
                        "meta": {
                            "e2bfb730-ecaa-11e6-8f88-34363bc7c4c0": {
                                "create": 600000000000,
                                "delete": 600000000000
                            },
                            "schema_version": "1"
                        },
                        "tainted": false
                    },
                    "deposed": [],
                    "provider": "provider.aws"
                },
                "aws_security_group_rule.aws-allow-api-access": {
                    "type": "aws_security_group_rule",
                    "depends_on": [
                        "aws_security_group.aws-elb"
                    ],
                    "primary": {
                        "id": "sgrule-135732791",
                        "attributes": {
                            "cidr_blocks.#": "1",
                            "cidr_blocks.0": "0.0.0.0/0",
                            "from_port": "6443",
                            "id": "sgrule-135732791",
                            "protocol": "tcp",
                            "security_group_id": "sg-029bbbc4e728edb3d",
                            "self": "false",
                            "to_port": "6443",
                            "type": "ingress"
                        },
                        "meta": {
                            "schema_version": "2"
                        },
                        "tainted": false
                    },
                    "deposed": [],
                    "provider": "provider.aws"
                },
                "aws_security_group_rule.aws-allow-api-egress": {
                    "type": "aws_security_group_rule",
                    "depends_on": [
                        "aws_security_group.aws-elb"
                    ],
                    "primary": {
                        "id": "sgrule-638998303",
                        "attributes": {
                            "cidr_blocks.#": "1",
                            "cidr_blocks.0": "0.0.0.0/0",
                            "from_port": "0",
                            "id": "sgrule-638998303",
                            "protocol": "tcp",
                            "security_group_id": "sg-029bbbc4e728edb3d",
                            "self": "false",
                            "to_port": "65535",
                            "type": "egress"
                        },
                        "meta": {
                            "schema_version": "2"
                        },
                        "tainted": false
                    },
                    "deposed": [],
                    "provider": "provider.aws"
                }
            },
            "depends_on": []
        },
        {
            "path": [
                "root",
                "aws-iam"
            ],
            "outputs": {
                "kube-master-profile": {
                    "sensitive": false,
                    "type": "string",
                    "value": "kube_SmartBroker_master_profile"
                },
                "kube-worker-profile": {
                    "sensitive": false,
                    "type": "string",
                    "value": "kube_SmartBroker_node_profile"
                }
            },
            "resources": {
                "aws_iam_instance_profile.kube-master": {
                    "type": "aws_iam_instance_profile",
                    "depends_on": [
                        "aws_iam_role.kube-master"
                    ],
                    "primary": {
                        "id": "kube_SmartBroker_master_profile",
                        "attributes": {
                            "arn": "arn:aws:iam::638221891210:instance-profile/kube_SmartBroker_master_profile",
                            "create_date": "2019-01-04T07:14:12Z",
                            "id": "kube_SmartBroker_master_profile",
                            "name": "kube_SmartBroker_master_profile",
                            "path": "/",
                            "role": "kafka-SmartBroker-master",
                            "roles.#": "0",
                            "unique_id": "AIPAJNCINU2KZJ7CDB4YQ"
                        },
                        "meta": {},
                        "tainted": false
                    },
                    "deposed": [],
                    "provider": "provider.aws"
                },
                "aws_iam_instance_profile.kube-worker": {
                    "type": "aws_iam_instance_profile",
                    "depends_on": [
                        "aws_iam_role.kube-worker"
                    ],
                    "primary": {
                        "id": "kube_SmartBroker_node_profile",
                        "attributes": {
                            "arn": "arn:aws:iam::638221891210:instance-profile/kube_SmartBroker_node_profile",
                            "create_date": "2019-01-04T07:14:12Z",
                            "id": "kube_SmartBroker_node_profile",
                            "name": "kube_SmartBroker_node_profile",
                            "path": "/",
                            "role": "kafka-SmartBroker-node",
                            "roles.#": "0",
                            "unique_id": "AIPAI3X3YH7RNSBUXS7NU"
                        },
                        "meta": {},
                        "tainted": false
                    },
                    "deposed": [],
                    "provider": "provider.aws"
                },
                "aws_iam_role.kube-master": {
                    "type": "aws_iam_role",
                    "depends_on": [],
                    "primary": {
                        "id": "kafka-SmartBroker-master",
                        "attributes": {
                            "arn": "arn:aws:iam::638221891210:role/kafka-SmartBroker-master",
                            "assume_role_policy": "{\"Version\":\"2012-10-17\",\"Statement\":[{\"Effect\":\"Allow\",\"Principal\":{\"Service\":\"ec2.amazonaws.com\"},\"Action\":\"sts:AssumeRole\"}]}",
                            "create_date": "2019-01-04T07:14:11Z",
                            "description": "",
                            "force_detach_policies": "false",
                            "id": "kafka-SmartBroker-master",
                            "max_session_duration": "3600",
                            "name": "kafka-SmartBroker-master",
                            "path": "/",
                            "tags.%": "0",
                            "unique_id": "AROAI7DIRMRP5DWUETRFY"
                        },
                        "meta": {},
                        "tainted": false
                    },
                    "deposed": [],
                    "provider": "provider.aws"
                },
                "aws_iam_role.kube-worker": {
                    "type": "aws_iam_role",
                    "depends_on": [],
                    "primary": {
                        "id": "kafka-SmartBroker-node",
                        "attributes": {
                            "arn": "arn:aws:iam::638221891210:role/kafka-SmartBroker-node",
                            "assume_role_policy": "{\"Version\":\"2012-10-17\",\"Statement\":[{\"Effect\":\"Allow\",\"Principal\":{\"Service\":\"ec2.amazonaws.com\"},\"Action\":\"sts:AssumeRole\"}]}",
                            "create_date": "2019-01-04T07:14:11Z",
                            "description": "",
                            "force_detach_policies": "false",
                            "id": "kafka-SmartBroker-node",
                            "max_session_duration": "3600",
                            "name": "kafka-SmartBroker-node",
                            "path": "/",
                            "tags.%": "0",
                            "unique_id": "AROAIVS6EPY2DVNY3Q7HK"
                        },
                        "meta": {},
                        "tainted": false
                    },
                    "deposed": [],
                    "provider": "provider.aws"
                },
                "aws_iam_role_policy.kube-master": {
                    "type": "aws_iam_role_policy",
                    "depends_on": [
                        "aws_iam_role.kube-master"
                    ],
                    "primary": {
                        "id": "kafka-SmartBroker-master:kafka-SmartBroker-master",
                        "attributes": {
                            "id": "kafka-SmartBroker-master:kafka-SmartBroker-master",
                            "name": "kafka-SmartBroker-master",
                            "policy": "{\n  \"Version\": \"2012-10-17\",\n  \"Statement\": [\n    {\n      \"Effect\": \"Allow\",\n      \"Action\": [\"ec2:*\"],\n      \"Resource\": [\"*\"]\n    },\n    {\n      \"Effect\": \"Allow\",\n      \"Action\": [\"elasticloadbalancing:*\"],\n      \"Resource\": [\"*\"]\n    },\n    {\n      \"Effect\": \"Allow\",\n      \"Action\": [\"route53:*\"],\n      \"Resource\": [\"*\"]\n    },\n    {\n      \"Effect\": \"Allow\",\n      \"Action\": \"s3:*\",\n      \"Resource\": [\n        \"arn:aws:s3:::kafka-*\"\n      ]\n    }\n  ]\n}\n",
                            "role": "kafka-SmartBroker-master"
                        },
                        "meta": {},
                        "tainted": false
                    },
                    "deposed": [],
                    "provider": "provider.aws"
                },
                "aws_iam_role_policy.kube-worker": {
                    "type": "aws_iam_role_policy",
                    "depends_on": [
                        "aws_iam_role.kube-worker"
                    ],
                    "primary": {
                        "id": "kafka-SmartBroker-node:kafka-SmartBroker-node",
                        "attributes": {
                            "id": "kafka-SmartBroker-node:kafka-SmartBroker-node",
                            "name": "kafka-SmartBroker-node",
                            "policy": "{\n  \"Version\": \"2012-10-17\",\n  \"Statement\": [\n        {\n          \"Effect\": \"Allow\",\n          \"Action\": \"s3:*\",\n          \"Resource\": [\n            \"arn:aws:s3:::kafka-*\"\n          ]\n        },\n        {\n          \"Effect\": \"Allow\",\n          \"Action\": \"ec2:Describe*\",\n          \"Resource\": \"*\"\n        },\n        {\n          \"Effect\": \"Allow\",\n          \"Action\": \"ec2:AttachVolume\",\n          \"Resource\": \"*\"\n        },\n        {\n          \"Effect\": \"Allow\",\n          \"Action\": \"ec2:DetachVolume\",\n          \"Resource\": \"*\"\n        },\n        {\n          \"Effect\": \"Allow\",\n          \"Action\": [\"route53:*\"],\n          \"Resource\": [\"*\"]\n        },\n        {\n          \"Effect\": \"Allow\",\n          \"Action\": [\n            \"ecr:GetAuthorizationToken\",\n            \"ecr:BatchCheckLayerAvailability\",\n            \"ecr:GetDownloadUrlForLayer\",\n            \"ecr:GetRepositoryPolicy\",\n            \"ecr:DescribeRepositories\",\n            \"ecr:ListImages\",\n            \"ecr:BatchGetImage\"\n          ],\n          \"Resource\": \"*\"\n        }\n      ]\n}\n",
                            "role": "kafka-SmartBroker-node"
                        },
                        "meta": {},
                        "tainted": false
                    },
                    "deposed": [],
                    "provider": "provider.aws"
                }
            },
            "depends_on": []
        },
        {
            "path": [
                "root",
                "aws-vpc"
            ],
            "outputs": {
                "aws_security_group": {
                    "sensitive": false,
                    "type": "list",
                    "value": [
                        "sg-00c365a00309011dc"
                    ]
                },
                "aws_subnet_ids_private": {
                    "sensitive": false,
                    "type": "list",
                    "value": [
                        "subnet-011494fbbc4ee1337",
                        "subnet-0c1ee16b371f9dab0"
                    ]
                },
                "aws_subnet_ids_public": {
                    "sensitive": false,
                    "type": "list",
                    "value": [
                        "subnet-0256f38945bbf1091",
                        "subnet-0e4b07ec354118a13"
                    ]
                },
                "aws_vpc_id": {
                    "sensitive": false,
                    "type": "string",
                    "value": "vpc-037729f30d4ab7d44"
                },
                "default_tags": {
                    "sensitive": false,
                    "type": "map",
                    "value": {}
                }
            },
            "resources": {
                "aws_eip.cluster-nat-eip.0": {
                    "type": "aws_eip",
                    "depends_on": [],
                    "primary": {
                        "id": "eipalloc-034dfef5e7b35450d",
                        "attributes": {
                            "association_id": "",
                            "domain": "vpc",
                            "id": "eipalloc-034dfef5e7b35450d",
                            "instance": "",
                            "network_interface": "",
                            "private_ip": "",
                            "public_ip": "35.175.157.73",
                            "public_ipv4_pool": "amazon",
                            "tags.%": "0",
                            "vpc": "true"
                        },
                        "meta": {
                            "e2bfb730-ecaa-11e6-8f88-34363bc7c4c0": {
                                "delete": 180000000000,
                                "read": 900000000000,
                                "update": 300000000000
                            }
                        },
                        "tainted": false
                    },
                    "deposed": [],
                    "provider": "provider.aws"
                },
                "aws_eip.cluster-nat-eip.1": {
                    "type": "aws_eip",
                    "depends_on": [],
                    "primary": {
                        "id": "eipalloc-0daa18b9303543f1b",
                        "attributes": {
                            "association_id": "",
                            "domain": "vpc",
                            "id": "eipalloc-0daa18b9303543f1b",
                            "instance": "",
                            "network_interface": "",
                            "private_ip": "",
                            "public_ip": "35.171.116.229",
                            "public_ipv4_pool": "amazon",
                            "tags.%": "0",
                            "vpc": "true"
                        },
                        "meta": {
                            "e2bfb730-ecaa-11e6-8f88-34363bc7c4c0": {
                                "delete": 180000000000,
                                "read": 900000000000,
                                "update": 300000000000
                            }
                        },
                        "tainted": false
                    },
                    "deposed": [],
                    "provider": "provider.aws"
                },
                "aws_internet_gateway.cluster-vpc-internetgw": {
                    "type": "aws_internet_gateway",
                    "depends_on": [
                        "aws_vpc.cluster-vpc"
                    ],
                    "primary": {
                        "id": "igw-0db0030918b41fb2c",
                        "attributes": {
                            "id": "igw-0db0030918b41fb2c",
                            "owner_id": "638221891210",
                            "tags.%": "1",
                            "tags.Name": "kafka-SmartBroker-internetgw",
                            "vpc_id": "vpc-037729f30d4ab7d44"
                        },
                        "meta": {},
                        "tainted": false
                    },
                    "deposed": [],
                    "provider": "provider.aws"
                },
                "aws_nat_gateway.cluster-nat-gateway.0": {
                    "type": "aws_nat_gateway",
                    "depends_on": [
                        "aws_eip.cluster-nat-eip.*",
                        "aws_subnet.cluster-vpc-subnets-public.*"
                    ],
                    "primary": {
                        "id": "nat-030f55bd394206a28",
                        "attributes": {
                            "allocation_id": "eipalloc-034dfef5e7b35450d",
                            "id": "nat-030f55bd394206a28",
                            "network_interface_id": "eni-0ebf49d81a7583853",
                            "private_ip": "10.250.231.85",
                            "public_ip": "35.175.157.73",
                            "subnet_id": "subnet-0256f38945bbf1091",
                            "tags.%": "0"
                        },
                        "meta": {},
                        "tainted": false
                    },
                    "deposed": [],
                    "provider": "provider.aws"
                },
                "aws_nat_gateway.cluster-nat-gateway.1": {
                    "type": "aws_nat_gateway",
                    "depends_on": [
                        "aws_eip.cluster-nat-eip.*",
                        "aws_subnet.cluster-vpc-subnets-public.*"
                    ],
                    "primary": {
                        "id": "nat-0b0b7009b4b5b5f78",
                        "attributes": {
                            "allocation_id": "eipalloc-0daa18b9303543f1b",
                            "id": "nat-0b0b7009b4b5b5f78",
                            "network_interface_id": "eni-0cae4d1c10561e04c",
                            "private_ip": "10.250.242.174",
                            "public_ip": "35.171.116.229",
                            "subnet_id": "subnet-0e4b07ec354118a13",
                            "tags.%": "0"
                        },
                        "meta": {},
                        "tainted": false
                    },
                    "deposed": [],
                    "provider": "provider.aws"
                },
                "aws_route_table.kafka-private.0": {
                    "type": "aws_route_table",
                    "depends_on": [
                        "aws_nat_gateway.cluster-nat-gateway.*",
                        "aws_vpc.cluster-vpc"
                    ],
                    "primary": {
                        "id": "rtb-078b2b6c0653a8254",
                        "attributes": {
                            "id": "rtb-078b2b6c0653a8254",
                            "owner_id": "638221891210",
                            "propagating_vgws.#": "0",
                            "route.#": "1",
                            "route.65026296.cidr_block": "0.0.0.0/0",
                            "route.65026296.egress_only_gateway_id": "",
                            "route.65026296.gateway_id": "",
                            "route.65026296.instance_id": "",
                            "route.65026296.ipv6_cidr_block": "",
                            "route.65026296.nat_gateway_id": "nat-030f55bd394206a28",
                            "route.65026296.network_interface_id": "",
                            "route.65026296.transit_gateway_id": "",
                            "route.65026296.vpc_peering_connection_id": "",
                            "tags.%": "1",
                            "tags.Name": "kafka-SmartBroker-routetable-private-0",
                            "vpc_id": "vpc-037729f30d4ab7d44"
                        },
                        "meta": {},
                        "tainted": false
                    },
                    "deposed": [],
                    "provider": "provider.aws"
                },
                "aws_route_table.kafka-private.1": {
                    "type": "aws_route_table",
                    "depends_on": [
                        "aws_nat_gateway.cluster-nat-gateway.*",
                        "aws_vpc.cluster-vpc"
                    ],
                    "primary": {
                        "id": "rtb-0d186947c31cb900b",
                        "attributes": {
                            "id": "rtb-0d186947c31cb900b",
                            "owner_id": "638221891210",
                            "propagating_vgws.#": "0",
                            "route.#": "1",
                            "route.3753860629.cidr_block": "0.0.0.0/0",
                            "route.3753860629.egress_only_gateway_id": "",
                            "route.3753860629.gateway_id": "",
                            "route.3753860629.instance_id": "",
                            "route.3753860629.ipv6_cidr_block": "",
                            "route.3753860629.nat_gateway_id": "nat-0b0b7009b4b5b5f78",
                            "route.3753860629.network_interface_id": "",
                            "route.3753860629.transit_gateway_id": "",
                            "route.3753860629.vpc_peering_connection_id": "",
                            "tags.%": "1",
                            "tags.Name": "kafka-SmartBroker-routetable-private-1",
                            "vpc_id": "vpc-037729f30d4ab7d44"
                        },
                        "meta": {},
                        "tainted": false
                    },
                    "deposed": [],
                    "provider": "provider.aws"
                },
                "aws_route_table.kafka-public": {
                    "type": "aws_route_table",
                    "depends_on": [
                        "aws_internet_gateway.cluster-vpc-internetgw",
                        "aws_vpc.cluster-vpc"
                    ],
                    "primary": {
                        "id": "rtb-05f507d7b7b1f6825",
                        "attributes": {
                            "id": "rtb-05f507d7b7b1f6825",
                            "owner_id": "638221891210",
                            "propagating_vgws.#": "0",
                            "route.#": "1",
                            "route.2540649386.cidr_block": "0.0.0.0/0",
                            "route.2540649386.egress_only_gateway_id": "",
                            "route.2540649386.gateway_id": "igw-0db0030918b41fb2c",
                            "route.2540649386.instance_id": "",
                            "route.2540649386.ipv6_cidr_block": "",
                            "route.2540649386.nat_gateway_id": "",
                            "route.2540649386.network_interface_id": "",
                            "route.2540649386.transit_gateway_id": "",
                            "route.2540649386.vpc_peering_connection_id": "",
                            "tags.%": "1",
                            "tags.Name": "kafka-SmartBroker-routetable-public",
                            "vpc_id": "vpc-037729f30d4ab7d44"
                        },
                        "meta": {},
                        "tainted": false
                    },
                    "deposed": [],
                    "provider": "provider.aws"
                },
                "aws_route_table_association.kafka-private.0": {
                    "type": "aws_route_table_association",
                    "depends_on": [
                        "aws_route_table.kafka-private.*",
                        "aws_subnet.cluster-vpc-subnets-private.*"
                    ],
                    "primary": {
                        "id": "rtbassoc-0ec985ff7d956a8d3",
                        "attributes": {
                            "id": "rtbassoc-0ec985ff7d956a8d3",
                            "route_table_id": "rtb-078b2b6c0653a8254",
                            "subnet_id": "subnet-011494fbbc4ee1337"
                        },
                        "meta": {},
                        "tainted": false
                    },
                    "deposed": [],
                    "provider": "provider.aws"
                },
                "aws_route_table_association.kafka-private.1": {
                    "type": "aws_route_table_association",
                    "depends_on": [
                        "aws_route_table.kafka-private.*",
                        "aws_subnet.cluster-vpc-subnets-private.*"
                    ],
                    "primary": {
                        "id": "rtbassoc-010e065e1368ee498",
                        "attributes": {
                            "id": "rtbassoc-010e065e1368ee498",
                            "route_table_id": "rtb-0d186947c31cb900b",
                            "subnet_id": "subnet-0c1ee16b371f9dab0"
                        },
                        "meta": {},
                        "tainted": false
                    },
                    "deposed": [],
                    "provider": "provider.aws"
                },
                "aws_route_table_association.kafka-public.0": {
                    "type": "aws_route_table_association",
                    "depends_on": [
                        "aws_route_table.kafka-public",
                        "aws_subnet.cluster-vpc-subnets-public.*"
                    ],
                    "primary": {
                        "id": "rtbassoc-0cccf9f6b7b30a9e6",
                        "attributes": {
                            "id": "rtbassoc-0cccf9f6b7b30a9e6",
                            "route_table_id": "rtb-05f507d7b7b1f6825",
                            "subnet_id": "subnet-0256f38945bbf1091"
                        },
                        "meta": {},
                        "tainted": false
                    },
                    "deposed": [],
                    "provider": "provider.aws"
                },
                "aws_route_table_association.kafka-public.1": {
                    "type": "aws_route_table_association",
                    "depends_on": [
                        "aws_route_table.kafka-public",
                        "aws_subnet.cluster-vpc-subnets-public.*"
                    ],
                    "primary": {
                        "id": "rtbassoc-0d097f8526c560077",
                        "attributes": {
                            "id": "rtbassoc-0d097f8526c560077",
                            "route_table_id": "rtb-05f507d7b7b1f6825",
                            "subnet_id": "subnet-0e4b07ec354118a13"
                        },
                        "meta": {},
                        "tainted": false
                    },
                    "deposed": [],
                    "provider": "provider.aws"
                },
                "aws_security_group.kafka": {
                    "type": "aws_security_group",
                    "depends_on": [
                        "aws_vpc.cluster-vpc"
                    ],
                    "primary": {
                        "id": "sg-00c365a00309011dc",
                        "attributes": {
                            "arn": "arn:aws:ec2:us-east-1:638221891210:security-group/sg-00c365a00309011dc",
                            "description": "Managed by Terraform",
                            "egress.#": "0",
                            "id": "sg-00c365a00309011dc",
                            "ingress.#": "0",
                            "name": "kafka-SmartBroker-securitygroup",
                            "owner_id": "638221891210",
                            "revoke_rules_on_delete": "false",
                            "tags.%": "1",
                            "tags.Name": "kafka-SmartBroker-securitygroup",
                            "vpc_id": "vpc-037729f30d4ab7d44"
                        },
                        "meta": {
                            "e2bfb730-ecaa-11e6-8f88-34363bc7c4c0": {
                                "create": 600000000000,
                                "delete": 600000000000
                            },
                            "schema_version": "1"
                        },
                        "tainted": false
                    },
                    "deposed": [],
                    "provider": "provider.aws"
                },
                "aws_security_group_rule.allow-all-egress": {
                    "type": "aws_security_group_rule",
                    "depends_on": [
                        "aws_security_group.kafka"
                    ],
                    "primary": {
                        "id": "sgrule-2373745284",
                        "attributes": {
                            "cidr_blocks.#": "1",
                            "cidr_blocks.0": "0.0.0.0/0",
                            "from_port": "0",
                            "id": "sgrule-2373745284",
                            "protocol": "-1",
                            "security_group_id": "sg-00c365a00309011dc",
                            "self": "false",
                            "to_port": "65535",
                            "type": "egress"
                        },
                        "meta": {
                            "schema_version": "2"
                        },
                        "tainted": false
                    },
                    "deposed": [],
                    "provider": "provider.aws"
                },
                "aws_security_group_rule.allow-all-ingress": {
                    "type": "aws_security_group_rule",
                    "depends_on": [
                        "aws_security_group.kafka"
                    ],
                    "primary": {
                        "id": "sgrule-1035473171",
                        "attributes": {
                            "cidr_blocks.#": "1",
                            "cidr_blocks.0": "10.250.192.0/18",
                            "from_port": "0",
                            "id": "sgrule-1035473171",
                            "protocol": "-1",
                            "security_group_id": "sg-00c365a00309011dc",
                            "self": "false",
                            "to_port": "65535",
                            "type": "ingress"
                        },
                        "meta": {
                            "schema_version": "2"
                        },
                        "tainted": false
                    },
                    "deposed": [],
                    "provider": "provider.aws"
                },
                "aws_security_group_rule.allow-ssh-connections": {
                    "type": "aws_security_group_rule",
                    "depends_on": [
                        "aws_security_group.kafka"
                    ],
                    "primary": {
                        "id": "sgrule-3887506514",
                        "attributes": {
                            "cidr_blocks.#": "1",
                            "cidr_blocks.0": "0.0.0.0/0",
                            "from_port": "22",
                            "id": "sgrule-3887506514",
                            "protocol": "tcp",
                            "security_group_id": "sg-00c365a00309011dc",
                            "self": "false",
                            "to_port": "22",
                            "type": "ingress"
                        },
                        "meta": {
                            "schema_version": "2"
                        },
                        "tainted": false
                    },
                    "deposed": [],
                    "provider": "provider.aws"
                },
                "aws_subnet.cluster-vpc-subnets-private.0": {
                    "type": "aws_subnet",
                    "depends_on": [
                        "aws_vpc.cluster-vpc"
                    ],
                    "primary": {
                        "id": "subnet-011494fbbc4ee1337",
                        "attributes": {
                            "arn": "arn:aws:ec2:us-east-1:638221891210:subnet/subnet-011494fbbc4ee1337",
                            "assign_ipv6_address_on_creation": "false",
                            "availability_zone": "us-east-1a",
                            "availability_zone_id": "use1-az6",
                            "cidr_block": "10.250.192.0/20",
                            "id": "subnet-011494fbbc4ee1337",
                            "ipv6_cidr_block": "",
                            "ipv6_cidr_block_association_id": "",
                            "map_public_ip_on_launch": "false",
                            "owner_id": "638221891210",
                            "tags.%": "1",
                            "tags.Name": "kafka-SmartBroker-us-east-1a-private",
                            "vpc_id": "vpc-037729f30d4ab7d44"
                        },
                        "meta": {
                            "e2bfb730-ecaa-11e6-8f88-34363bc7c4c0": {
                                "create": 600000000000,
                                "delete": 600000000000
                            },
                            "schema_version": "1"
                        },
                        "tainted": false
                    },
                    "deposed": [],
                    "provider": "provider.aws"
                },
                "aws_subnet.cluster-vpc-subnets-private.1": {
                    "type": "aws_subnet",
                    "depends_on": [
                        "aws_vpc.cluster-vpc"
                    ],
                    "primary": {
                        "id": "subnet-0c1ee16b371f9dab0",
                        "attributes": {
                            "arn": "arn:aws:ec2:us-east-1:638221891210:subnet/subnet-0c1ee16b371f9dab0",
                            "assign_ipv6_address_on_creation": "false",
                            "availability_zone": "us-east-1b",
                            "availability_zone_id": "use1-az1",
                            "cidr_block": "10.250.208.0/20",
                            "id": "subnet-0c1ee16b371f9dab0",
                            "ipv6_cidr_block": "",
                            "ipv6_cidr_block_association_id": "",
                            "map_public_ip_on_launch": "false",
                            "owner_id": "638221891210",
                            "tags.%": "1",
                            "tags.Name": "kafka-SmartBroker-us-east-1b-private",
                            "vpc_id": "vpc-037729f30d4ab7d44"
                        },
                        "meta": {
                            "e2bfb730-ecaa-11e6-8f88-34363bc7c4c0": {
                                "create": 600000000000,
                                "delete": 600000000000
                            },
                            "schema_version": "1"
                        },
                        "tainted": false
                    },
                    "deposed": [],
                    "provider": "provider.aws"
                },
                "aws_subnet.cluster-vpc-subnets-public.0": {
                    "type": "aws_subnet",
                    "depends_on": [
                        "aws_vpc.cluster-vpc"
                    ],
                    "primary": {
                        "id": "subnet-0256f38945bbf1091",
                        "attributes": {
                            "arn": "arn:aws:ec2:us-east-1:638221891210:subnet/subnet-0256f38945bbf1091",
                            "assign_ipv6_address_on_creation": "false",
                            "availability_zone": "us-east-1a",
                            "availability_zone_id": "use1-az6",
                            "cidr_block": "10.250.224.0/20",
                            "id": "subnet-0256f38945bbf1091",
                            "ipv6_cidr_block": "",
                            "ipv6_cidr_block_association_id": "",
                            "map_public_ip_on_launch": "false",
                            "owner_id": "638221891210",
                            "tags.%": "2",
                            "tags.Name": "kafka-SmartBroker-us-east-1a-public",
                            "tags.kafka.io/cluster/SmartBroker": "member",
                            "vpc_id": "vpc-037729f30d4ab7d44"
                        },
                        "meta": {
                            "e2bfb730-ecaa-11e6-8f88-34363bc7c4c0": {
                                "create": 600000000000,
                                "delete": 600000000000
                            },
                            "schema_version": "1"
                        },
                        "tainted": false
                    },
                    "deposed": [],
                    "provider": "provider.aws"
                },
                "aws_subnet.cluster-vpc-subnets-public.1": {
                    "type": "aws_subnet",
                    "depends_on": [
                        "aws_vpc.cluster-vpc"
                    ],
                    "primary": {
                        "id": "subnet-0e4b07ec354118a13",
                        "attributes": {
                            "arn": "arn:aws:ec2:us-east-1:638221891210:subnet/subnet-0e4b07ec354118a13",
                            "assign_ipv6_address_on_creation": "false",
                            "availability_zone": "us-east-1b",
                            "availability_zone_id": "use1-az1",
                            "cidr_block": "10.250.240.0/20",
                            "id": "subnet-0e4b07ec354118a13",
                            "ipv6_cidr_block": "",
                            "ipv6_cidr_block_association_id": "",
                            "map_public_ip_on_launch": "false",
                            "owner_id": "638221891210",
                            "tags.%": "2",
                            "tags.Name": "kafka-SmartBroker-us-east-1b-public",
                            "tags.kafka.io/cluster/SmartBroker": "member",
                            "vpc_id": "vpc-037729f30d4ab7d44"
                        },
                        "meta": {
                            "e2bfb730-ecaa-11e6-8f88-34363bc7c4c0": {
                                "create": 600000000000,
                                "delete": 600000000000
                            },
                            "schema_version": "1"
                        },
                        "tainted": false
                    },
                    "deposed": [],
                    "provider": "provider.aws"
                },
                "aws_vpc.cluster-vpc": {
                    "type": "aws_vpc",
                    "depends_on": [],
                    "primary": {
                        "id": "vpc-037729f30d4ab7d44",
                        "attributes": {
                            "arn": "arn:aws:ec2:us-east-1:638221891210:vpc/vpc-037729f30d4ab7d44",
                            "assign_generated_ipv6_cidr_block": "false",
                            "cidr_block": "10.250.192.0/18",
                            "default_network_acl_id": "acl-04008d16558cc98b4",
                            "default_route_table_id": "rtb-027d73a479c31760b",
                            "default_security_group_id": "sg-0c8e1ffcd26dc3502",
                            "dhcp_options_id": "dopt-09916e70",
                            "enable_classiclink": "false",
                            "enable_classiclink_dns_support": "false",
                            "enable_dns_hostnames": "true",
                            "enable_dns_support": "true",
                            "id": "vpc-037729f30d4ab7d44",
                            "instance_tenancy": "default",
                            "ipv6_association_id": "",
                            "ipv6_cidr_block": "",
                            "main_route_table_id": "rtb-027d73a479c31760b",
                            "owner_id": "638221891210",
                            "tags.%": "1",
                            "tags.Name": "kafka-SmartBroker-vpc"
                        },
                        "meta": {
                            "schema_version": "1"
                        },
                        "tainted": false
                    },
                    "deposed": [],
                    "provider": "provider.aws"
                }
            },
            "depends_on": []
        }
    ]
}
